// !$*UTF8*$!
{
	archiveVersion = 1;
	classes = {
	};
	objectVersion = 56;
	objects = {

/* Begin PBXBuildFile section */
		ECA94B972D5082B9005B0428 /* AppDelegate.swift in Sources */ = {isa = PBXBuildFile; fileRef = ECA94B962D5082B9005B0428 /* AppDelegate.swift */; };
		ECA94B992D5082B9005B0428 /* SceneDelegate.swift in Sources */ = {isa = PBXBuildFile; fileRef = ECA94B982D5082B9005B0428 /* SceneDelegate.swift */; };
		ECA94B9B2D5082B9005B0428 /* ViewController.swift in Sources */ = {isa = PBXBuildFile; fileRef = ECA94B9A2D5082B9005B0428 /* ViewController.swift */; };
		ECA94B9E2D5082B9005B0428 /* Main.storyboard in Resources */ = {isa = PBXBuildFile; fileRef = ECA94B9C2D5082B9005B0428 /* Main.storyboard */; };
		ECA94BA12D5082B9005B0428 /* BibleAtlas.xcdatamodeld in Sources */ = {isa = PBXBuildFile; fileRef = ECA94B9F2D5082B9005B0428 /* BibleAtlas.xcdatamodeld */; };
		ECA94BA32D5082BA005B0428 /* Assets.xcassets in Resources */ = {isa = PBXBuildFile; fileRef = ECA94BA22D5082BA005B0428 /* Assets.xcassets */; };
		ECA94BA62D5082BA005B0428 /* LaunchScreen.storyboard in Resources */ = {isa = PBXBuildFile; fileRef = ECA94BA42D5082BA005B0428 /* LaunchScreen.storyboard */; };
		ECA94BB12D5082BA005B0428 /* BibleAtlasTests.swift in Sources */ = {isa = PBXBuildFile; fileRef = ECA94BB02D5082BA005B0428 /* BibleAtlasTests.swift */; };
		ECA94BBB2D5082BA005B0428 /* BibleAtlasUITests.swift in Sources */ = {isa = PBXBuildFile; fileRef = ECA94BBA2D5082BA005B0428 /* BibleAtlasUITests.swift */; };
		ECA94BBD2D5082BA005B0428 /* BibleAtlasUITestsLaunchTests.swift in Sources */ = {isa = PBXBuildFile; fileRef = ECA94BBC2D5082BA005B0428 /* BibleAtlasUITestsLaunchTests.swift */; };
/* End PBXBuildFile section */

/* Begin PBXContainerItemProxy section */
		ECA94BAD2D5082BA005B0428 /* PBXContainerItemProxy */ = {
			isa = PBXContainerItemProxy;
			containerPortal = ECA94B8B2D5082B9005B0428 /* Project object */;
			proxyType = 1;
			remoteGlobalIDString = ECA94B922D5082B9005B0428;
			remoteInfo = BibleAtlas;
		};
		ECA94BB72D5082BA005B0428 /* PBXContainerItemProxy */ = {
			isa = PBXContainerItemProxy;
			containerPortal = ECA94B8B2D5082B9005B0428 /* Project object */;
			proxyType = 1;
			remoteGlobalIDString = ECA94B922D5082B9005B0428;
			remoteInfo = BibleAtlas;
		};
/* End PBXContainerItemProxy section */

/* Begin PBXFileReference section */
		ECA94B932D5082B9005B0428 /* BibleAtlas.app */ = {isa = PBXFileReference; explicitFileType = wrapper.application; includeInIndex = 0; path = BibleAtlas.app; sourceTree = BUILT_PRODUCTS_DIR; };
		ECA94B962D5082B9005B0428 /* AppDelegate.swift */ = {isa = PBXFileReference; lastKnownFileType = sourcecode.swift; path = AppDelegate.swift; sourceTree = "<group>"; };
		ECA94B982D5082B9005B0428 /* SceneDelegate.swift */ = {isa = PBXFileReference; lastKnownFileType = sourcecode.swift; path = SceneDelegate.swift; sourceTree = "<group>"; };
		ECA94B9A2D5082B9005B0428 /* ViewController.swift */ = {isa = PBXFileReference; lastKnownFileType = sourcecode.swift; path = ViewController.swift; sourceTree = "<group>"; };
		ECA94B9D2D5082B9005B0428 /* Base */ = {isa = PBXFileReference; lastKnownFileType = file.storyboard; name = Base; path = Base.lproj/Main.storyboard; sourceTree = "<group>"; };
		ECA94BA02D5082B9005B0428 /* BibleAtlas.xcdatamodel */ = {isa = PBXFileReference; lastKnownFileType = wrapper.xcdatamodel; path = BibleAtlas.xcdatamodel; sourceTree = "<group>"; };
		ECA94BA22D5082BA005B0428 /* Assets.xcassets */ = {isa = PBXFileReference; lastKnownFileType = folder.assetcatalog; path = Assets.xcassets; sourceTree = "<group>"; };
		ECA94BA52D5082BA005B0428 /* Base */ = {isa = PBXFileReference; lastKnownFileType = file.storyboard; name = Base; path = Base.lproj/LaunchScreen.storyboard; sourceTree = "<group>"; };
		ECA94BA72D5082BA005B0428 /* Info.plist */ = {isa = PBXFileReference; lastKnownFileType = text.plist.xml; path = Info.plist; sourceTree = "<group>"; };
		ECA94BAC2D5082BA005B0428 /* BibleAtlasTests.xctest */ = {isa = PBXFileReference; explicitFileType = wrapper.cfbundle; includeInIndex = 0; path = BibleAtlasTests.xctest; sourceTree = BUILT_PRODUCTS_DIR; };
		ECA94BB02D5082BA005B0428 /* BibleAtlasTests.swift */ = {isa = PBXFileReference; lastKnownFileType = sourcecode.swift; path = BibleAtlasTests.swift; sourceTree = "<group>"; };
		ECA94BB62D5082BA005B0428 /* BibleAtlasUITests.xctest */ = {isa = PBXFileReference; explicitFileType = wrapper.cfbundle; includeInIndex = 0; path = BibleAtlasUITests.xctest; sourceTree = BUILT_PRODUCTS_DIR; };
		ECA94BBA2D5082BA005B0428 /* BibleAtlasUITests.swift */ = {isa = PBXFileReference; lastKnownFileType = sourcecode.swift; path = BibleAtlasUITests.swift; sourceTree = "<group>"; };
		ECA94BBC2D5082BA005B0428 /* BibleAtlasUITestsLaunchTests.swift */ = {isa = PBXFileReference; lastKnownFileType = sourcecode.swift; path = BibleAtlasUITestsLaunchTests.swift; sourceTree = "<group>"; };
/* End PBXFileReference section */

/* Begin PBXFrameworksBuildPhase section */
		ECA94B902D5082B9005B0428 /* Frameworks */ = {
			isa = PBXFrameworksBuildPhase;
			buildActionMask = 2147483647;
			files = (
			);
			runOnlyForDeploymentPostprocessing = 0;
		};
		ECA94BA92D5082BA005B0428 /* Frameworks */ = {
			isa = PBXFrameworksBuildPhase;
			buildActionMask = 2147483647;
			files = (
			);
			runOnlyForDeploymentPostprocessing = 0;
		};
		ECA94BB32D5082BA005B0428 /* Frameworks */ = {
			isa = PBXFrameworksBuildPhase;
			buildActionMask = 2147483647;
			files = (
			);
			runOnlyForDeploymentPostprocessing = 0;
		};
/* End PBXFrameworksBuildPhase section */

/* Begin PBXGroup section */
		ECA94B8A2D5082B9005B0428 = {
			isa = PBXGroup;
			children = (
				ECA94B952D5082B9005B0428 /* BibleAtlas */,
				ECA94BAF2D5082BA005B0428 /* BibleAtlasTests */,
				ECA94BB92D5082BA005B0428 /* BibleAtlasUITests */,
				ECA94B942D5082B9005B0428 /* Products */,
			);
			sourceTree = "<group>";
		};
		ECA94B942D5082B9005B0428 /* Products */ = {
			isa = PBXGroup;
			children = (
				ECA94B932D5082B9005B0428 /* BibleAtlas.app */,
				ECA94BAC2D5082BA005B0428 /* BibleAtlasTests.xctest */,
				ECA94BB62D5082BA005B0428 /* BibleAtlasUITests.xctest */,
			);
			name = Products;
			sourceTree = "<group>";
		};
		ECA94B952D5082B9005B0428 /* BibleAtlas */ = {
			isa = PBXGroup;
			children = (
				ECA94B962D5082B9005B0428 /* AppDelegate.swift */,
				ECA94B982D5082B9005B0428 /* SceneDelegate.swift */,
				ECA94B9A2D5082B9005B0428 /* ViewController.swift */,
				ECA94B9C2D5082B9005B0428 /* Main.storyboard */,
				ECA94BA22D5082BA005B0428 /* Assets.xcassets */,
				ECA94BA42D5082BA005B0428 /* LaunchScreen.storyboard */,
				ECA94BA72D5082BA005B0428 /* Info.plist */,
				ECA94B9F2D5082B9005B0428 /* BibleAtlas.xcdatamodeld */,
			);
			path = BibleAtlas;
			sourceTree = "<group>";
		};
		ECA94BAF2D5082BA005B0428 /* BibleAtlasTests */ = {
			isa = PBXGroup;
			children = (
				ECA94BB02D5082BA005B0428 /* BibleAtlasTests.swift */,
			);
			path = BibleAtlasTests;
			sourceTree = "<group>";
		};
		ECA94BB92D5082BA005B0428 /* BibleAtlasUITests */ = {
			isa = PBXGroup;
			children = (
				ECA94BBA2D5082BA005B0428 /* BibleAtlasUITests.swift */,
				ECA94BBC2D5082BA005B0428 /* BibleAtlasUITestsLaunchTests.swift */,
			);
			path = BibleAtlasUITests;
			sourceTree = "<group>";
		};
/* End PBXGroup section */

/* Begin PBXNativeTarget section */
		ECA94B922D5082B9005B0428 /* BibleAtlas */ = {
			isa = PBXNativeTarget;
			buildConfigurationList = ECA94BC02D5082BA005B0428 /* Build configuration list for PBXNativeTarget "BibleAtlas" */;
			buildPhases = (
				ECA94B8F2D5082B9005B0428 /* Sources */,
				ECA94B902D5082B9005B0428 /* Frameworks */,
				ECA94B912D5082B9005B0428 /* Resources */,
			);
			buildRules = (
			);
			dependencies = (
			);
			name = BibleAtlas;
			productName = BibleAtlas;
			productReference = ECA94B932D5082B9005B0428 /* BibleAtlas.app */;
			productType = "com.apple.product-type.application";
		};
		ECA94BAB2D5082BA005B0428 /* BibleAtlasTests */ = {
			isa = PBXNativeTarget;
			buildConfigurationList = ECA94BC32D5082BA005B0428 /* Build configuration list for PBXNativeTarget "BibleAtlasTests" */;
			buildPhases = (
				ECA94BA82D5082BA005B0428 /* Sources */,
				ECA94BA92D5082BA005B0428 /* Frameworks */,
				ECA94BAA2D5082BA005B0428 /* Resources */,
			);
			buildRules = (
			);
			dependencies = (
				ECA94BAE2D5082BA005B0428 /* PBXTargetDependency */,
			);
			name = BibleAtlasTests;
			productName = BibleAtlasTests;
			productReference = ECA94BAC2D5082BA005B0428 /* BibleAtlasTests.xctest */;
			productType = "com.apple.product-type.bundle.unit-test";
		};
		ECA94BB52D5082BA005B0428 /* BibleAtlasUITests */ = {
			isa = PBXNativeTarget;
			buildConfigurationList = ECA94BC62D5082BA005B0428 /* Build configuration list for PBXNativeTarget "BibleAtlasUITests" */;
			buildPhases = (
				ECA94BB22D5082BA005B0428 /* Sources */,
				ECA94BB32D5082BA005B0428 /* Frameworks */,
				ECA94BB42D5082BA005B0428 /* Resources */,
			);
			buildRules = (
			);
			dependencies = (
				ECA94BB82D5082BA005B0428 /* PBXTargetDependency */,
			);
			name = BibleAtlasUITests;
			productName = BibleAtlasUITests;
			productReference = ECA94BB62D5082BA005B0428 /* BibleAtlasUITests.xctest */;
			productType = "com.apple.product-type.bundle.ui-testing";
		};
/* End PBXNativeTarget section */

/* Begin PBXProject section */
		ECA94B8B2D5082B9005B0428 /* Project object */ = {
			isa = PBXProject;
			attributes = {
				BuildIndependentTargetsInParallel = 1;
				LastSwiftUpdateCheck = 1520;
				LastUpgradeCheck = 1520;
				TargetAttributes = {
					ECA94B922D5082B9005B0428 = {
						CreatedOnToolsVersion = 15.2;
					};
					ECA94BAB2D5082BA005B0428 = {
						CreatedOnToolsVersion = 15.2;
						TestTargetID = ECA94B922D5082B9005B0428;
					};
					ECA94BB52D5082BA005B0428 = {
						CreatedOnToolsVersion = 15.2;
						TestTargetID = ECA94B922D5082B9005B0428;
					};
				};
			};
			buildConfigurationList = ECA94B8E2D5082B9005B0428 /* Build configuration list for PBXProject "BibleAtlas" */;
			compatibilityVersion = "Xcode 14.0";
			developmentRegion = en;
			hasScannedForEncodings = 0;
			knownRegions = (
				en,
				Base,
			);
			mainGroup = ECA94B8A2D5082B9005B0428;
			productRefGroup = ECA94B942D5082B9005B0428 /* Products */;
			projectDirPath = "";
			projectRoot = "";
			targets = (
				ECA94B922D5082B9005B0428 /* BibleAtlas */,
				ECA94BAB2D5082BA005B0428 /* BibleAtlasTests */,
				ECA94BB52D5082BA005B0428 /* BibleAtlasUITests */,
			);
		};
/* End PBXProject section */

/* Begin PBXResourcesBuildPhase section */
		ECA94B912D5082B9005B0428 /* Resources */ = {
			isa = PBXResourcesBuildPhase;
			buildActionMask = 2147483647;
			files = (
				ECA94BA62D5082BA005B0428 /* LaunchScreen.storyboard in Resources */,
				ECA94BA32D5082BA005B0428 /* Assets.xcassets in Resources */,
				ECA94B9E2D5082B9005B0428 /* Main.storyboard in Resources */,
			);
			runOnlyForDeploymentPostprocessing = 0;
		};
		ECA94BAA2D5082BA005B0428 /* Resources */ = {
			isa = PBXResourcesBuildPhase;
			buildActionMask = 2147483647;
			files = (
			);
			runOnlyForDeploymentPostprocessing = 0;
		};
		ECA94BB42D5082BA005B0428 /* Resources */ = {
			isa = PBXResourcesBuildPhase;
			buildActionMask = 2147483647;
			files = (
			);
			runOnlyForDeploymentPostprocessing = 0;
		};
/* End PBXResourcesBuildPhase section */

/* Begin PBXSourcesBuildPhase section */
		ECA94B8F2D5082B9005B0428 /* Sources */ = {
			isa = PBXSourcesBuildPhase;
			buildActionMask = 2147483647;
			files = (
				ECA94B9B2D5082B9005B0428 /* ViewController.swift in Sources */,
				ECA94B972D5082B9005B0428 /* AppDelegate.swift in Sources */,
				ECA94BA12D5082B9005B0428 /* BibleAtlas.xcdatamodeld in Sources */,
				ECA94B992D5082B9005B0428 /* SceneDelegate.swift in Sources */,
			);
			runOnlyForDeploymentPostprocessing = 0;
		};
		ECA94BA82D5082BA005B0428 /* Sources */ = {
			isa = PBXSourcesBuildPhase;
			buildActionMask = 2147483647;
			files = (
				ECA94BB12D5082BA005B0428 /* BibleAtlasTests.swift in Sources */,
			);
			runOnlyForDeploymentPostprocessing = 0;
		};
		ECA94BB22D5082BA005B0428 /* Sources */ = {
			isa = PBXSourcesBuildPhase;
			buildActionMask = 2147483647;
			files = (
				ECA94BBB2D5082BA005B0428 /* BibleAtlasUITests.swift in Sources */,
				ECA94BBD2D5082BA005B0428 /* BibleAtlasUITestsLaunchTests.swift in Sources */,
			);
			runOnlyForDeploymentPostprocessing = 0;
		};
/* End PBXSourcesBuildPhase section */

/* Begin PBXTargetDependency section */
		ECA94BAE2D5082BA005B0428 /* PBXTargetDependency */ = {
			isa = PBXTargetDependency;
			target = ECA94B922D5082B9005B0428 /* BibleAtlas */;
			targetProxy = ECA94BAD2D5082BA005B0428 /* PBXContainerItemProxy */;
		};
		ECA94BB82D5082BA005B0428 /* PBXTargetDependency */ = {
			isa = PBXTargetDependency;
			target = ECA94B922D5082B9005B0428 /* BibleAtlas */;
			targetProxy = ECA94BB72D5082BA005B0428 /* PBXContainerItemProxy */;
		};
/* End PBXTargetDependency section */

/* Begin PBXVariantGroup section */
		ECA94B9C2D5082B9005B0428 /* Main.storyboard */ = {
			isa = PBXVariantGroup;
			children = (
				ECA94B9D2D5082B9005B0428 /* Base */,
			);
			name = Main.storyboard;
			sourceTree = "<group>";
		};
		ECA94BA42D5082BA005B0428 /* LaunchScreen.storyboard */ = {
			isa = PBXVariantGroup;
			children = (
				ECA94BA52D5082BA005B0428 /* Base */,
			);
			name = LaunchScreen.storyboard;
			sourceTree = "<group>";
		};
/* End PBXVariantGroup section */

/* Begin XCBuildConfiguration section */
		ECA94BBE2D5082BA005B0428 /* Debug */ = {
			isa = XCBuildConfiguration;
			buildSettings = {
				ALWAYS_SEARCH_USER_PATHS = NO;
				ASSETCATALOG_COMPILER_GENERATE_SWIFT_ASSET_SYMBOL_EXTENSIONS = YES;
				CLANG_ANALYZER_NONNULL = YES;
				CLANG_ANALYZER_NUMBER_OBJECT_CONVERSION = YES_AGGRESSIVE;
				CLANG_CXX_LANGUAGE_STANDARD = "gnu++20";
				CLANG_ENABLE_MODULES = YES;
				CLANG_ENABLE_OBJC_ARC = YES;
				CLANG_ENABLE_OBJC_WEAK = YES;
				CLANG_WARN_BLOCK_CAPTURE_AUTORELEASING = YES;
				CLANG_WARN_BOOL_CONVERSION = YES;
				CLANG_WARN_COMMA = YES;
				CLANG_WARN_CONSTANT_CONVERSION = YES;
				CLANG_WARN_DEPRECATED_OBJC_IMPLEMENTATIONS = YES;
				CLANG_WARN_DIRECT_OBJC_ISA_USAGE = YES_ERROR;
				CLANG_WARN_DOCUMENTATION_COMMENTS = YES;
				CLANG_WARN_EMPTY_BODY = YES;
				CLANG_WARN_ENUM_CONVERSION = YES;
				CLANG_WARN_INFINITE_RECURSION = YES;
				CLANG_WARN_INT_CONVERSION = YES;
				CLANG_WARN_NON_LITERAL_NULL_CONVERSION = YES;
				CLANG_WARN_OBJC_IMPLICIT_RETAIN_SELF = YES;
				CLANG_WARN_OBJC_LITERAL_CONVERSION = YES;
				CLANG_WARN_OBJC_ROOT_CLASS = YES_ERROR;
				CLANG_WARN_QUOTED_INCLUDE_IN_FRAMEWORK_HEADER = YES;
				CLANG_WARN_RANGE_LOOP_ANALYSIS = YES;
				CLANG_WARN_STRICT_PROTOTYPES = YES;
				CLANG_WARN_SUSPICIOUS_MOVE = YES;
				CLANG_WARN_UNGUARDED_AVAILABILITY = YES_AGGRESSIVE;
				CLANG_WARN_UNREACHABLE_CODE = YES;
				CLANG_WARN__DUPLICATE_METHOD_MATCH = YES;
				COPY_PHASE_STRIP = NO;
				DEBUG_INFORMATION_FORMAT = dwarf;
				ENABLE_STRICT_OBJC_MSGSEND = YES;
				ENABLE_TESTABILITY = YES;
				ENABLE_USER_SCRIPT_SANDBOXING = YES;
				GCC_C_LANGUAGE_STANDARD = gnu17;
				GCC_DYNAMIC_NO_PIC = NO;
				GCC_NO_COMMON_BLOCKS = YES;
				GCC_OPTIMIZATION_LEVEL = 0;
				GCC_PREPROCESSOR_DEFINITIONS = (
					"DEBUG=1",
					"$(inherited)",
				);
				GCC_WARN_64_TO_32_BIT_CONVERSION = YES;
				GCC_WARN_ABOUT_RETURN_TYPE = YES_ERROR;
				GCC_WARN_UNDECLARED_SELECTOR = YES;
				GCC_WARN_UNINITIALIZED_AUTOS = YES_AGGRESSIVE;
				GCC_WARN_UNUSED_FUNCTION = YES;
				GCC_WARN_UNUSED_VARIABLE = YES;
				IPHONEOS_DEPLOYMENT_TARGET = 17.2;
				LOCALIZATION_PREFERS_STRING_CATALOGS = YES;
				MTL_ENABLE_DEBUG_INFO = INCLUDE_SOURCE;
				MTL_FAST_MATH = YES;
				ONLY_ACTIVE_ARCH = YES;
				SDKROOT = iphoneos;
				SWIFT_ACTIVE_COMPILATION_CONDITIONS = "DEBUG $(inherited)";
				SWIFT_OPTIMIZATION_LEVEL = "-Onone";
			};
			name = Debug;
		};
		ECA94BBF2D5082BA005B0428 /* Release */ = {
			isa = XCBuildConfiguration;
			buildSettings = {
				ALWAYS_SEARCH_USER_PATHS = NO;
				ASSETCATALOG_COMPILER_GENERATE_SWIFT_ASSET_SYMBOL_EXTENSIONS = YES;
				CLANG_ANALYZER_NONNULL = YES;
				CLANG_ANALYZER_NUMBER_OBJECT_CONVERSION = YES_AGGRESSIVE;
				CLANG_CXX_LANGUAGE_STANDARD = "gnu++20";
				CLANG_ENABLE_MODULES = YES;
				CLANG_ENABLE_OBJC_ARC = YES;
				CLANG_ENABLE_OBJC_WEAK = YES;
				CLANG_WARN_BLOCK_CAPTURE_AUTORELEASING = YES;
				CLANG_WARN_BOOL_CONVERSION = YES;
				CLANG_WARN_COMMA = YES;
				CLANG_WARN_CONSTANT_CONVERSION = YES;
				CLANG_WARN_DEPRECATED_OBJC_IMPLEMENTATIONS = YES;
				CLANG_WARN_DIRECT_OBJC_ISA_USAGE = YES_ERROR;
				CLANG_WARN_DOCUMENTATION_COMMENTS = YES;
				CLANG_WARN_EMPTY_BODY = YES;
				CLANG_WARN_ENUM_CONVERSION = YES;
				CLANG_WARN_INFINITE_RECURSION = YES;
				CLANG_WARN_INT_CONVERSION = YES;
				CLANG_WARN_NON_LITERAL_NULL_CONVERSION = YES;
				CLANG_WARN_OBJC_IMPLICIT_RETAIN_SELF = YES;
				CLANG_WARN_OBJC_LITERAL_CONVERSION = YES;
				CLANG_WARN_OBJC_ROOT_CLASS = YES_ERROR;
				CLANG_WARN_QUOTED_INCLUDE_IN_FRAMEWORK_HEADER = YES;
				CLANG_WARN_RANGE_LOOP_ANALYSIS = YES;
				CLANG_WARN_STRICT_PROTOTYPES = YES;
				CLANG_WARN_SUSPICIOUS_MOVE = YES;
				CLANG_WARN_UNGUARDED_AVAILABILITY = YES_AGGRESSIVE;
				CLANG_WARN_UNREACHABLE_CODE = YES;
				CLANG_WARN__DUPLICATE_METHOD_MATCH = YES;
				COPY_PHASE_STRIP = NO;
				DEBUG_INFORMATION_FORMAT = "dwarf-with-dsym";
				ENABLE_NS_ASSERTIONS = NO;
				ENABLE_STRICT_OBJC_MSGSEND = YES;
				ENABLE_USER_SCRIPT_SANDBOXING = YES;
				GCC_C_LANGUAGE_STANDARD = gnu17;
				GCC_NO_COMMON_BLOCKS = YES;
				GCC_WARN_64_TO_32_BIT_CONVERSION = YES;
				GCC_WARN_ABOUT_RETURN_TYPE = YES_ERROR;
				GCC_WARN_UNDECLARED_SELECTOR = YES;
				GCC_WARN_UNINITIALIZED_AUTOS = YES_AGGRESSIVE;
				GCC_WARN_UNUSED_FUNCTION = YES;
				GCC_WARN_UNUSED_VARIABLE = YES;
				IPHONEOS_DEPLOYMENT_TARGET = 17.2;
				LOCALIZATION_PREFERS_STRING_CATALOGS = YES;
				MTL_ENABLE_DEBUG_INFO = NO;
				MTL_FAST_MATH = YES;
				SDKROOT = iphoneos;
				SWIFT_COMPILATION_MODE = wholemodule;
				VALIDATE_PRODUCT = YES;
			};
			name = Release;
		};
		ECA94BC12D5082BA005B0428 /* Debug */ = {
			isa = XCBuildConfiguration;
			buildSettings = {
				ASSETCATALOG_COMPILER_APPICON_NAME = AppIcon;
				ASSETCATALOG_COMPILER_GLOBAL_ACCENT_COLOR_NAME = AccentColor;
				CODE_SIGN_STYLE = Automatic;
				CURRENT_PROJECT_VERSION = 1;
				GENERATE_INFOPLIST_FILE = YES;
				INFOPLIST_FILE = BibleAtlas/Info.plist;
				INFOPLIST_KEY_UIApplicationSupportsIndirectInputEvents = YES;
				INFOPLIST_KEY_UILaunchStoryboardName = LaunchScreen;
				INFOPLIST_KEY_UIMainStoryboardFile = Main;
				INFOPLIST_KEY_UISupportedInterfaceOrientations_iPad = "UIInterfaceOrientationPortrait UIInterfaceOrientationPortraitUpsideDown UIInterfaceOrientationLandscapeLeft UIInterfaceOrientationLandscapeRight";
				INFOPLIST_KEY_UISupportedInterfaceOrientations_iPhone = "UIInterfaceOrientationPortrait UIInterfaceOrientationLandscapeLeft UIInterfaceOrientationLandscapeRight";
				LD_RUNPATH_SEARCH_PATHS = (
					"$(inherited)",
					"@executable_path/Frameworks",
				);
				MARKETING_VERSION = 1.0;
				PRODUCT_BUNDLE_IDENTIFIER = com.seongyeon.BibleAtlas;
				PRODUCT_NAME = "$(TARGET_NAME)";
				SWIFT_EMIT_LOC_STRINGS = YES;
				SWIFT_VERSION = 5.0;
				TARGETED_DEVICE_FAMILY = "1,2";
			};
			name = Debug;
		};
		ECA94BC22D5082BA005B0428 /* Release */ = {
			isa = XCBuildConfiguration;
			buildSettings = {
				ASSETCATALOG_COMPILER_APPICON_NAME = AppIcon;
				ASSETCATALOG_COMPILER_GLOBAL_ACCENT_COLOR_NAME = AccentColor;
				CODE_SIGN_STYLE = Automatic;
				CURRENT_PROJECT_VERSION = 1;
				GENERATE_INFOPLIST_FILE = YES;
				INFOPLIST_FILE = BibleAtlas/Info.plist;
				INFOPLIST_KEY_UIApplicationSupportsIndirectInputEvents = YES;
				INFOPLIST_KEY_UILaunchStoryboardName = LaunchScreen;
				INFOPLIST_KEY_UIMainStoryboardFile = Main;
				INFOPLIST_KEY_UISupportedInterfaceOrientations_iPad = "UIInterfaceOrientationPortrait UIInterfaceOrientationPortraitUpsideDown UIInterfaceOrientationLandscapeLeft UIInterfaceOrientationLandscapeRight";
				INFOPLIST_KEY_UISupportedInterfaceOrientations_iPhone = "UIInterfaceOrientationPortrait UIInterfaceOrientationLandscapeLeft UIInterfaceOrientationLandscapeRight";
				LD_RUNPATH_SEARCH_PATHS = (
					"$(inherited)",
					"@executable_path/Frameworks",
				);
				MARKETING_VERSION = 1.0;
				PRODUCT_BUNDLE_IDENTIFIER = com.seongyeon.BibleAtlas;
				PRODUCT_NAME = "$(TARGET_NAME)";
				SWIFT_EMIT_LOC_STRINGS = YES;
				SWIFT_VERSION = 5.0;
				TARGETED_DEVICE_FAMILY = "1,2";
			};
			name = Release;
		};
		ECA94BC42D5082BA005B0428 /* Debug */ = {
			isa = XCBuildConfiguration;
			buildSettings = {
				ALWAYS_EMBED_SWIFT_STANDARD_LIBRARIES = YES;
				BUNDLE_LOADER = "$(TEST_HOST)";
				CODE_SIGN_STYLE = Automatic;
				CURRENT_PROJECT_VERSION = 1;
				GENERATE_INFOPLIST_FILE = YES;
				IPHONEOS_DEPLOYMENT_TARGET = 17.2;
				MARKETING_VERSION = 1.0;
				PRODUCT_BUNDLE_IDENTIFIER = com.seongyeon.BibleAtlasTests;
				PRODUCT_NAME = "$(TARGET_NAME)";
				SWIFT_EMIT_LOC_STRINGS = NO;
				SWIFT_VERSION = 5.0;
				TARGETED_DEVICE_FAMILY = "1,2";
				TEST_HOST = "$(BUILT_PRODUCTS_DIR)/BibleAtlas.app/$(BUNDLE_EXECUTABLE_FOLDER_PATH)/BibleAtlas";
			};
			name = Debug;
		};
		ECA94BC52D5082BA005B0428 /* Release */ = {
			isa = XCBuildConfiguration;
			buildSettings = {
				ALWAYS_EMBED_SWIFT_STANDARD_LIBRARIES = YES;
				BUNDLE_LOADER = "$(TEST_HOST)";
				CODE_SIGN_STYLE = Automatic;
				CURRENT_PROJECT_VERSION = 1;
				GENERATE_INFOPLIST_FILE = YES;
				IPHONEOS_DEPLOYMENT_TARGET = 17.2;
				MARKETING_VERSION = 1.0;
				PRODUCT_BUNDLE_IDENTIFIER = com.seongyeon.BibleAtlasTests;
				PRODUCT_NAME = "$(TARGET_NAME)";
				SWIFT_EMIT_LOC_STRINGS = NO;
				SWIFT_VERSION = 5.0;
				TARGETED_DEVICE_FAMILY = "1,2";
				TEST_HOST = "$(BUILT_PRODUCTS_DIR)/BibleAtlas.app/$(BUNDLE_EXECUTABLE_FOLDER_PATH)/BibleAtlas";
			};
			name = Release;
		};
		ECA94BC72D5082BA005B0428 /* Debug */ = {
			isa = XCBuildConfiguration;
			buildSettings = {
				ALWAYS_EMBED_SWIFT_STANDARD_LIBRARIES = YES;
				CODE_SIGN_STYLE = Automatic;
				CURRENT_PROJECT_VERSION = 1;
				GENERATE_INFOPLIST_FILE = YES;
				MARKETING_VERSION = 1.0;
				PRODUCT_BUNDLE_IDENTIFIER = com.seongyeon.BibleAtlasUITests;
				PRODUCT_NAME = "$(TARGET_NAME)";
				SWIFT_EMIT_LOC_STRINGS = NO;
				SWIFT_VERSION = 5.0;
				TARGETED_DEVICE_FAMILY = "1,2";
				TEST_TARGET_NAME = BibleAtlas;
			};
			name = Debug;
		};
		ECA94BC82D5082BA005B0428 /* Release */ = {
			isa = XCBuildConfiguration;
			buildSettings = {
				ALWAYS_EMBED_SWIFT_STANDARD_LIBRARIES = YES;
				CODE_SIGN_STYLE = Automatic;
				CURRENT_PROJECT_VERSION = 1;
				GENERATE_INFOPLIST_FILE = YES;
				MARKETING_VERSION = 1.0;
				PRODUCT_BUNDLE_IDENTIFIER = com.seongyeon.BibleAtlasUITests;
				PRODUCT_NAME = "$(TARGET_NAME)";
				SWIFT_EMIT_LOC_STRINGS = NO;
				SWIFT_VERSION = 5.0;
				TARGETED_DEVICE_FAMILY = "1,2";
				TEST_TARGET_NAME = BibleAtlas;
			};
			name = Release;
		};
/* End XCBuildConfiguration section */

/* Begin XCConfigurationList section */
		ECA94B8E2D5082B9005B0428 /* Build configuration list for PBXProject "BibleAtlas" */ = {
			isa = XCConfigurationList;
			buildConfigurations = (
				ECA94BBE2D5082BA005B0428 /* Debug */,
				ECA94BBF2D5082BA005B0428 /* Release */,
			);
			defaultConfigurationIsVisible = 0;
			defaultConfigurationName = Release;
		};
		ECA94BC02D5082BA005B0428 /* Build configuration list for PBXNativeTarget "BibleAtlas" */ = {
			isa = XCConfigurationList;
			buildConfigurations = (
				ECA94BC12D5082BA005B0428 /* Debug */,
				ECA94BC22D5082BA005B0428 /* Release */,
			);
			defaultConfigurationIsVisible = 0;
			defaultConfigurationName = Release;
		};
		ECA94BC32D5082BA005B0428 /* Build configuration list for PBXNativeTarget "BibleAtlasTests" */ = {
			isa = XCConfigurationList;
			buildConfigurations = (
				ECA94BC42D5082BA005B0428 /* Debug */,
				ECA94BC52D5082BA005B0428 /* Release */,
			);
			defaultConfigurationIsVisible = 0;
			defaultConfigurationName = Release;
		};
		ECA94BC62D5082BA005B0428 /* Build configuration list for PBXNativeTarget "BibleAtlasUITests" */ = {
			isa = XCConfigurationList;
			buildConfigurations = (
				ECA94BC72D5082BA005B0428 /* Debug */,
				ECA94BC82D5082BA005B0428 /* Release */,
			);
			defaultConfigurationIsVisible = 0;
			defaultConfigurationName = Release;
		};
/* End XCConfigurationList section */

/* Begin XCVersionGroup section */
		ECA94B9F2D5082B9005B0428 /* BibleAtlas.xcdatamodeld */ = {
			isa = XCVersionGroup;
			children = (
				ECA94BA02D5082B9005B0428 /* BibleAtlas.xcdatamodel */,
			);
			currentVersion = ECA94BA02D5082B9005B0428 /* BibleAtlas.xcdatamodel */;
			path = BibleAtlas.xcdatamodeld;
			sourceTree = "<group>";
			versionGroupType = wrapper.xcdatamodel;
		};
/* End XCVersionGroup section */
	};
	rootObject = ECA94B8B2D5082B9005B0428 /* Project object */;
}
