// !$*UTF8*$!
{
	archiveVersion = 1;
	classes = {
	};
	objectVersion = 56;
	objects = {

/* Begin PBXBuildFile section */
		1AA065047DE92DF69959A910 /* Pods_BibleAtlas_BibleAtlasUITests.framework in Frameworks */ = {isa = PBXBuildFile; fileRef = DA55ABE10F06790553768BDF /* Pods_BibleAtlas_BibleAtlasUITests.framework */; };
		296CB238BA49943CA6B4BDF2 /* Pods_BibleAtlasTests.framework in Frameworks */ = {isa = PBXBuildFile; fileRef = 8EA6D60ADC15852CAC915A09 /* Pods_BibleAtlasTests.framework */; };
		39B9D8CDDF5E2F1957E7A42C /* Pods_BibleAtlas.framework in Frameworks */ = {isa = PBXBuildFile; fileRef = ADC275028A6E0F37DC7A90D5 /* Pods_BibleAtlas.framework */; };
		EC0652442D5C6FA9006EABC9 /* AccountSettingCell.swift in Sources */ = {isa = PBXBuildFile; fileRef = EC0652432D5C6FA9006EABC9 /* AccountSettingCell.swift */; };
		EC0652462D5C8919006EABC9 /* MyActivitiesViewController.swift in Sources */ = {isa = PBXBuildFile; fileRef = EC0652452D5C8919006EABC9 /* MyActivitiesViewController.swift */; };
		EC0652482D5C9FC2006EABC9 /* MyAlertsViewController.swift in Sources */ = {isa = PBXBuildFile; fileRef = EC0652472D5C9FC2006EABC9 /* MyAlertsViewController.swift */; };
		EC06524A2D5DEAA1006EABC9 /* SortSelectionViewController.swift in Sources */ = {isa = PBXBuildFile; fileRef = EC0652492D5DEAA1006EABC9 /* SortSelectionViewController.swift */; };
		EC06524C2D62D315006EABC9 /* SearchViewController.swift in Sources */ = {isa = PBXBuildFile; fileRef = EC06524B2D62D315006EABC9 /* SearchViewController.swift */; };
		EC06524E2D656EE6006EABC9 /* SearchCell.swift in Sources */ = {isa = PBXBuildFile; fileRef = EC06524D2D656EE6006EABC9 /* SearchCell.swift */; };
		EC0652502D660188006EABC9 /* DetailViewController.swift in Sources */ = {isa = PBXBuildFile; fileRef = EC06524F2D660188006EABC9 /* DetailViewController.swift */; };
		EC0652522D676E08006EABC9 /* CreateVoteViewController.swift in Sources */ = {isa = PBXBuildFile; fileRef = EC0652512D676E08006EABC9 /* CreateVoteViewController.swift */; };
		EC0652572D6C6D8B006EABC9 /* DeleteVoteViewController.swift in Sources */ = {isa = PBXBuildFile; fileRef = EC0652562D6C6D8B006EABC9 /* DeleteVoteViewController.swift */; };
		EC0652592D6C72A6006EABC9 /* LocationCard.swift in Sources */ = {isa = PBXBuildFile; fileRef = EC0652582D6C72A6006EABC9 /* LocationCard.swift */; };
		EC06525E2D6D9841006EABC9 /* ScrollViewController.swift in Sources */ = {isa = PBXBuildFile; fileRef = EC06525D2D6D9841006EABC9 /* ScrollViewController.swift */; };
		EC0652642D6EF53C006EABC9 /* CreateVoteDetailViewController.swift in Sources */ = {isa = PBXBuildFile; fileRef = EC0652632D6EF53C006EABC9 /* CreateVoteDetailViewController.swift */; };
		EC0652662D72BF9F006EABC9 /* DeleteVoteDetailViewController.swift in Sources */ = {isa = PBXBuildFile; fileRef = EC0652652D72BF9F006EABC9 /* DeleteVoteDetailViewController.swift */; };
		EC70587B2DB39629002D47DF /* MainViewController.swift in Sources */ = {isa = PBXBuildFile; fileRef = EC70587A2DB39629002D47DF /* MainViewController.swift */; };
		EC70587E2DB397CF002D47DF /* BottomSheetCoordinator.swift in Sources */ = {isa = PBXBuildFile; fileRef = EC70587D2DB397CF002D47DF /* BottomSheetCoordinator.swift */; };
		EC7058802DB3992D002D47DF /* BottomSheetType.swift in Sources */ = {isa = PBXBuildFile; fileRef = EC70587F2DB3992D002D47DF /* BottomSheetType.swift */; };
		EC7058822DB3A2D9002D47DF /* BottomSheetFactory.swift in Sources */ = {isa = PBXBuildFile; fileRef = EC7058812DB3A2D9002D47DF /* BottomSheetFactory.swift */; };
		EC7058842DB3BAE5002D47DF /* HomeBottomSheetViewController.swift in Sources */ = {isa = PBXBuildFile; fileRef = EC7058832DB3BAE5002D47DF /* HomeBottomSheetViewController.swift */; };
		EC7058882DB3CA5B002D47DF /* UIColor.swift in Sources */ = {isa = PBXBuildFile; fileRef = EC7058872DB3CA5B002D47DF /* UIColor.swift */; };
		EC70588B2DB8BCCE002D47DF /* CollectionButton.swift in Sources */ = {isa = PBXBuildFile; fileRef = EC70588A2DB8BCCE002D47DF /* CollectionButton.swift */; };
		EC70588E2DB8BEB1002D47DF /* MainLabel.swift in Sources */ = {isa = PBXBuildFile; fileRef = EC70588D2DB8BEB1002D47DF /* MainLabel.swift */; };
		EC7058942DB9D93D002D47DF /* RecentSearchTableViewCell.swift in Sources */ = {isa = PBXBuildFile; fileRef = EC7058932DB9D93D002D47DF /* RecentSearchTableViewCell.swift */; };
		EC7058982DBA772E002D47DF /* GuideButton.swift in Sources */ = {isa = PBXBuildFile; fileRef = EC7058972DBA772E002D47DF /* GuideButton.swift */; };
		EC70589A2DBC7BE1002D47DF /* LoginBottomSheetViewController.swift in Sources */ = {isa = PBXBuildFile; fileRef = EC7058992DBC7BE1002D47DF /* LoginBottomSheetViewController.swift */; };
		EC70589C2DBC7C4D002D47DF /* CloseButton.swift in Sources */ = {isa = PBXBuildFile; fileRef = EC70589B2DBC7C4D002D47DF /* CloseButton.swift */; };
		EC70589E2DBCA8B6002D47DF /* HeaderLabel.swift in Sources */ = {isa = PBXBuildFile; fileRef = EC70589D2DBCA8B6002D47DF /* HeaderLabel.swift */; };
		EC8ABAF62D74828200AEC01B /* Markdown in Frameworks */ = {isa = PBXBuildFile; productRef = EC8ABAF52D74828200AEC01B /* Markdown */; };
		EC8ABAF82D7591B100AEC01B /* DiffTableViewCell.swift in Sources */ = {isa = PBXBuildFile; fileRef = EC8ABAF72D7591B100AEC01B /* DiffTableViewCell.swift */; };
		EC8ABAFA2D75923C00AEC01B /* DiffCode.swift in Sources */ = {isa = PBXBuildFile; fileRef = EC8ABAF92D75923C00AEC01B /* DiffCode.swift */; };
		EC8ABAFC2D75975B00AEC01B /* DiffTableViewController.swift in Sources */ = {isa = PBXBuildFile; fileRef = EC8ABAFB2D75975B00AEC01B /* DiffTableViewController.swift */; };
		EC8ABB022D75AA2200AEC01B /* UpdateVoteDetailView.swift in Sources */ = {isa = PBXBuildFile; fileRef = EC8ABB012D75AA2200AEC01B /* UpdateVoteDetailView.swift */; };
		EC9884332D7AE8F500224DAA /* LocationSearchViewController.swift in Sources */ = {isa = PBXBuildFile; fileRef = EC9884322D7AE8F500224DAA /* LocationSearchViewController.swift */; };
		EC9884352D7C3AA100224DAA /* LocationBottomSheet.swift in Sources */ = {isa = PBXBuildFile; fileRef = EC9884342D7C3AA100224DAA /* LocationBottomSheet.swift */; };
		EC9884372D7C86E900224DAA /* LocationPickerViewController.swift in Sources */ = {isa = PBXBuildFile; fileRef = EC9884362D7C86E900224DAA /* LocationPickerViewController.swift */; };
		EC9884392D7DB06100224DAA /* LocationComfirmBottomSheet.swift in Sources */ = {isa = PBXBuildFile; fileRef = EC9884382D7DB06100224DAA /* LocationComfirmBottomSheet.swift */; };
		EC98843B2D7DBBFF00224DAA /* PlaceSearchViewController.swift in Sources */ = {isa = PBXBuildFile; fileRef = EC98843A2D7DBBFF00224DAA /* PlaceSearchViewController.swift */; };
		EC9884B52D7F0F1800224DAA /* LocationDetailBottomSheet.swift in Sources */ = {isa = PBXBuildFile; fileRef = EC9884B42D7F0F1800224DAA /* LocationDetailBottomSheet.swift */; };
		ECA94B972D5082B9005B0428 /* AppDelegate.swift in Sources */ = {isa = PBXBuildFile; fileRef = ECA94B962D5082B9005B0428 /* AppDelegate.swift */; };
		ECA94B992D5082B9005B0428 /* SceneDelegate.swift in Sources */ = {isa = PBXBuildFile; fileRef = ECA94B982D5082B9005B0428 /* SceneDelegate.swift */; };
		ECA94B9B2D5082B9005B0428 /* ViewController.swift in Sources */ = {isa = PBXBuildFile; fileRef = ECA94B9A2D5082B9005B0428 /* ViewController.swift */; };
		ECA94BA12D5082B9005B0428 /* BibleAtlas.xcdatamodeld in Sources */ = {isa = PBXBuildFile; fileRef = ECA94B9F2D5082B9005B0428 /* BibleAtlas.xcdatamodeld */; };
		ECA94BA32D5082BA005B0428 /* Assets.xcassets in Resources */ = {isa = PBXBuildFile; fileRef = ECA94BA22D5082BA005B0428 /* Assets.xcassets */; };
		ECA94BB12D5082BA005B0428 /* BibleAtlasTests.swift in Sources */ = {isa = PBXBuildFile; fileRef = ECA94BB02D5082BA005B0428 /* BibleAtlasTests.swift */; };
		ECA94BBB2D5082BA005B0428 /* BibleAtlasUITests.swift in Sources */ = {isa = PBXBuildFile; fileRef = ECA94BBA2D5082BA005B0428 /* BibleAtlasUITests.swift */; };
		ECA94BBD2D5082BA005B0428 /* BibleAtlasUITestsLaunchTests.swift in Sources */ = {isa = PBXBuildFile; fileRef = ECA94BBC2D5082BA005B0428 /* BibleAtlasUITestsLaunchTests.swift */; };
		ECA94BCC2D508D1E005B0428 /* DefaultSession.swift in Sources */ = {isa = PBXBuildFile; fileRef = ECA94BCB2D508D1E005B0428 /* DefaultSession.swift */; };
		ECA94BD12D509377005B0428 /* NetworkError.swift in Sources */ = {isa = PBXBuildFile; fileRef = ECA94BD02D509377005B0428 /* NetworkError.swift */; };
		ECA94BD52D5094F1005B0428 /* User.swift in Sources */ = {isa = PBXBuildFile; fileRef = ECA94BD42D5094F1005B0428 /* User.swift */; };
		ECA94BD72D50977A005B0428 /* NetworkManager.swift in Sources */ = {isa = PBXBuildFile; fileRef = ECA94BD62D50977A005B0428 /* NetworkManager.swift */; };
		ECA94BDA2D509AFF005B0428 /* AuthManager.swift in Sources */ = {isa = PBXBuildFile; fileRef = ECA94BD92D509AFF005B0428 /* AuthManager.swift */; };
		ECA94BDD2D50A59E005B0428 /* AuthNetworkManager.swift in Sources */ = {isa = PBXBuildFile; fileRef = ECA94BDC2D50A59E005B0428 /* AuthNetworkManager.swift */; };
		ECA94BE12D50A739005B0428 /* AuthData.swift in Sources */ = {isa = PBXBuildFile; fileRef = ECA94BE02D50A739005B0428 /* AuthData.swift */; };
		ECA94BE52D50AE92005B0428 /* AuthRepositoryProtocol.swift in Sources */ = {isa = PBXBuildFile; fileRef = ECA94BE42D50AE92005B0428 /* AuthRepositoryProtocol.swift */; };
		ECA94BE82D50AF41005B0428 /* AuthRepository.swift in Sources */ = {isa = PBXBuildFile; fileRef = ECA94BE72D50AF41005B0428 /* AuthRepository.swift */; };
		ECA94BEB2D50B0B9005B0428 /* AuthUsecase.swift in Sources */ = {isa = PBXBuildFile; fileRef = ECA94BEA2D50B0B9005B0428 /* AuthUsecase.swift */; };
		ECA94BEF2D50B492005B0428 /* MockingApi.swift in Sources */ = {isa = PBXBuildFile; fileRef = ECA94BEE2D50B492005B0428 /* MockingApi.swift */; };
		ECA94BF42D51ADAF005B0428 /* LoginViewModel.swift in Sources */ = {isa = PBXBuildFile; fileRef = ECA94BF32D51ADAF005B0428 /* LoginViewModel.swift */; };
		ECA94BF82D51AE28005B0428 /* LoginViewController.swift in Sources */ = {isa = PBXBuildFile; fileRef = ECA94BF72D51AE28005B0428 /* LoginViewController.swift */; };
		ECA94BFA2D520CC9005B0428 /* HomeViewController.swift in Sources */ = {isa = PBXBuildFile; fileRef = ECA94BF92D520CC9005B0428 /* HomeViewController.swift */; };
		ECA94BFC2D520CE1005B0428 /* SearchOptionViewController.swift in Sources */ = {isa = PBXBuildFile; fileRef = ECA94BFB2D520CE1005B0428 /* SearchOptionViewController.swift */; };
		ECA94BFE2D520CEF005B0428 /* MyInfoViewController.swift in Sources */ = {isa = PBXBuildFile; fileRef = ECA94BFD2D520CEF005B0428 /* MyInfoViewController.swift */; };
		ECA94C002D520F8A005B0428 /* MainTabBarControllerViewController.swift in Sources */ = {isa = PBXBuildFile; fileRef = ECA94BFF2D520F8A005B0428 /* MainTabBarControllerViewController.swift */; };
		ECA94C032D52F00C005B0428 /* AppCoordinator.swift in Sources */ = {isa = PBXBuildFile; fileRef = ECA94C022D52F00C005B0428 /* AppCoordinator.swift */; };
		ECA94C082D534684005B0428 /* ActivityCell.swift in Sources */ = {isa = PBXBuildFile; fileRef = ECA94C072D534684005B0428 /* ActivityCell.swift */; };
		ECA94C0B2D53494A005B0428 /* Constants.swift in Sources */ = {isa = PBXBuildFile; fileRef = ECA94C0A2D53494A005B0428 /* Constants.swift */; };
		ECA94C0D2D5A3714005B0428 /* ActivitySmallCell.swift in Sources */ = {isa = PBXBuildFile; fileRef = ECA94C0C2D5A3714005B0428 /* ActivitySmallCell.swift */; };
		ECA94C0F2D5B08B1005B0428 /* AlertCell.swift in Sources */ = {isa = PBXBuildFile; fileRef = ECA94C0E2D5B08B1005B0428 /* AlertCell.swift */; };
		ECADA5832D5B3EF7005E1E95 /* AccountSettingViewController.swift in Sources */ = {isa = PBXBuildFile; fileRef = ECADA5822D5B3EF7005E1E95 /* AccountSettingViewController.swift */; };
/* End PBXBuildFile section */

/* Begin PBXContainerItemProxy section */
		ECA94BAD2D5082BA005B0428 /* PBXContainerItemProxy */ = {
			isa = PBXContainerItemProxy;
			containerPortal = ECA94B8B2D5082B9005B0428 /* Project object */;
			proxyType = 1;
			remoteGlobalIDString = ECA94B922D5082B9005B0428;
			remoteInfo = BibleAtlas;
		};
		ECA94BB72D5082BA005B0428 /* PBXContainerItemProxy */ = {
			isa = PBXContainerItemProxy;
			containerPortal = ECA94B8B2D5082B9005B0428 /* Project object */;
			proxyType = 1;
			remoteGlobalIDString = ECA94B922D5082B9005B0428;
			remoteInfo = BibleAtlas;
		};
/* End PBXContainerItemProxy section */

/* Begin PBXFileReference section */
		21CCD02993F38A3746EDE812 /* Pods-BibleAtlasTests.release.xcconfig */ = {isa = PBXFileReference; includeInIndex = 1; lastKnownFileType = text.xcconfig; name = "Pods-BibleAtlasTests.release.xcconfig"; path = "Target Support Files/Pods-BibleAtlasTests/Pods-BibleAtlasTests.release.xcconfig"; sourceTree = "<group>"; };
		27427E9961F5FEBDD710F748 /* Pods-BibleAtlas-BibleAtlasUITests.debug.xcconfig */ = {isa = PBXFileReference; includeInIndex = 1; lastKnownFileType = text.xcconfig; name = "Pods-BibleAtlas-BibleAtlasUITests.debug.xcconfig"; path = "Target Support Files/Pods-BibleAtlas-BibleAtlasUITests/Pods-BibleAtlas-BibleAtlasUITests.debug.xcconfig"; sourceTree = "<group>"; };
		62ED149E4D469D5193C3391F /* Pods-BibleAtlas.debug.xcconfig */ = {isa = PBXFileReference; includeInIndex = 1; lastKnownFileType = text.xcconfig; name = "Pods-BibleAtlas.debug.xcconfig"; path = "Target Support Files/Pods-BibleAtlas/Pods-BibleAtlas.debug.xcconfig"; sourceTree = "<group>"; };
		8EA6D60ADC15852CAC915A09 /* Pods_BibleAtlasTests.framework */ = {isa = PBXFileReference; explicitFileType = wrapper.framework; includeInIndex = 0; path = Pods_BibleAtlasTests.framework; sourceTree = BUILT_PRODUCTS_DIR; };
		93688677BD7F15874DB994F0 /* Pods-BibleAtlas.release.xcconfig */ = {isa = PBXFileReference; includeInIndex = 1; lastKnownFileType = text.xcconfig; name = "Pods-BibleAtlas.release.xcconfig"; path = "Target Support Files/Pods-BibleAtlas/Pods-BibleAtlas.release.xcconfig"; sourceTree = "<group>"; };
		ADC275028A6E0F37DC7A90D5 /* Pods_BibleAtlas.framework */ = {isa = PBXFileReference; explicitFileType = wrapper.framework; includeInIndex = 0; path = Pods_BibleAtlas.framework; sourceTree = BUILT_PRODUCTS_DIR; };
		B99651049227BE5701E9D126 /* Pods-BibleAtlasTests.debug.xcconfig */ = {isa = PBXFileReference; includeInIndex = 1; lastKnownFileType = text.xcconfig; name = "Pods-BibleAtlasTests.debug.xcconfig"; path = "Target Support Files/Pods-BibleAtlasTests/Pods-BibleAtlasTests.debug.xcconfig"; sourceTree = "<group>"; };
		CCF5D5F9277B71DAA500A8F2 /* Pods-BibleAtlas-BibleAtlasUITests.release.xcconfig */ = {isa = PBXFileReference; includeInIndex = 1; lastKnownFileType = text.xcconfig; name = "Pods-BibleAtlas-BibleAtlasUITests.release.xcconfig"; path = "Target Support Files/Pods-BibleAtlas-BibleAtlasUITests/Pods-BibleAtlas-BibleAtlasUITests.release.xcconfig"; sourceTree = "<group>"; };
		DA55ABE10F06790553768BDF /* Pods_BibleAtlas_BibleAtlasUITests.framework */ = {isa = PBXFileReference; explicitFileType = wrapper.framework; includeInIndex = 0; path = Pods_BibleAtlas_BibleAtlasUITests.framework; sourceTree = BUILT_PRODUCTS_DIR; };
		EC0652432D5C6FA9006EABC9 /* AccountSettingCell.swift */ = {isa = PBXFileReference; lastKnownFileType = sourcecode.swift; path = AccountSettingCell.swift; sourceTree = "<group>"; };
		EC0652452D5C8919006EABC9 /* MyActivitiesViewController.swift */ = {isa = PBXFileReference; lastKnownFileType = sourcecode.swift; path = MyActivitiesViewController.swift; sourceTree = "<group>"; };
		EC0652472D5C9FC2006EABC9 /* MyAlertsViewController.swift */ = {isa = PBXFileReference; lastKnownFileType = sourcecode.swift; path = MyAlertsViewController.swift; sourceTree = "<group>"; };
		EC0652492D5DEAA1006EABC9 /* SortSelectionViewController.swift */ = {isa = PBXFileReference; lastKnownFileType = sourcecode.swift; path = SortSelectionViewController.swift; sourceTree = "<group>"; };
		EC06524B2D62D315006EABC9 /* SearchViewController.swift */ = {isa = PBXFileReference; lastKnownFileType = sourcecode.swift; path = SearchViewController.swift; sourceTree = "<group>"; };
		EC06524D2D656EE6006EABC9 /* SearchCell.swift */ = {isa = PBXFileReference; lastKnownFileType = sourcecode.swift; path = SearchCell.swift; sourceTree = "<group>"; };
		EC06524F2D660188006EABC9 /* DetailViewController.swift */ = {isa = PBXFileReference; lastKnownFileType = sourcecode.swift; path = DetailViewController.swift; sourceTree = "<group>"; };
		EC0652512D676E08006EABC9 /* CreateVoteViewController.swift */ = {isa = PBXFileReference; lastKnownFileType = sourcecode.swift; path = CreateVoteViewController.swift; sourceTree = "<group>"; };
		EC0652562D6C6D8B006EABC9 /* DeleteVoteViewController.swift */ = {isa = PBXFileReference; lastKnownFileType = sourcecode.swift; path = DeleteVoteViewController.swift; sourceTree = "<group>"; };
		EC0652582D6C72A6006EABC9 /* LocationCard.swift */ = {isa = PBXFileReference; lastKnownFileType = sourcecode.swift; path = LocationCard.swift; sourceTree = "<group>"; };
		EC06525D2D6D9841006EABC9 /* ScrollViewController.swift */ = {isa = PBXFileReference; lastKnownFileType = sourcecode.swift; path = ScrollViewController.swift; sourceTree = "<group>"; };
		EC0652632D6EF53C006EABC9 /* CreateVoteDetailViewController.swift */ = {isa = PBXFileReference; lastKnownFileType = sourcecode.swift; path = CreateVoteDetailViewController.swift; sourceTree = "<group>"; };
		EC0652652D72BF9F006EABC9 /* DeleteVoteDetailViewController.swift */ = {isa = PBXFileReference; lastKnownFileType = sourcecode.swift; path = DeleteVoteDetailViewController.swift; sourceTree = "<group>"; };
		EC70587A2DB39629002D47DF /* MainViewController.swift */ = {isa = PBXFileReference; lastKnownFileType = sourcecode.swift; path = MainViewController.swift; sourceTree = "<group>"; };
		EC70587D2DB397CF002D47DF /* BottomSheetCoordinator.swift */ = {isa = PBXFileReference; lastKnownFileType = sourcecode.swift; path = BottomSheetCoordinator.swift; sourceTree = "<group>"; };
		EC70587F2DB3992D002D47DF /* BottomSheetType.swift */ = {isa = PBXFileReference; lastKnownFileType = sourcecode.swift; path = BottomSheetType.swift; sourceTree = "<group>"; };
		EC7058812DB3A2D9002D47DF /* BottomSheetFactory.swift */ = {isa = PBXFileReference; lastKnownFileType = sourcecode.swift; path = BottomSheetFactory.swift; sourceTree = "<group>"; };
		EC7058832DB3BAE5002D47DF /* HomeBottomSheetViewController.swift */ = {isa = PBXFileReference; lastKnownFileType = sourcecode.swift; path = HomeBottomSheetViewController.swift; sourceTree = "<group>"; };
		EC7058872DB3CA5B002D47DF /* UIColor.swift */ = {isa = PBXFileReference; lastKnownFileType = sourcecode.swift; path = UIColor.swift; sourceTree = "<group>"; };
		EC70588A2DB8BCCE002D47DF /* CollectionButton.swift */ = {isa = PBXFileReference; lastKnownFileType = sourcecode.swift; path = CollectionButton.swift; sourceTree = "<group>"; };
		EC70588D2DB8BEB1002D47DF /* MainLabel.swift */ = {isa = PBXFileReference; lastKnownFileType = sourcecode.swift; path = MainLabel.swift; sourceTree = "<group>"; };
		EC7058932DB9D93D002D47DF /* RecentSearchTableViewCell.swift */ = {isa = PBXFileReference; lastKnownFileType = sourcecode.swift; path = RecentSearchTableViewCell.swift; sourceTree = "<group>"; };
		EC7058972DBA772E002D47DF /* GuideButton.swift */ = {isa = PBXFileReference; lastKnownFileType = sourcecode.swift; path = GuideButton.swift; sourceTree = "<group>"; };
		EC7058992DBC7BE1002D47DF /* LoginBottomSheetViewController.swift */ = {isa = PBXFileReference; lastKnownFileType = sourcecode.swift; path = LoginBottomSheetViewController.swift; sourceTree = "<group>"; };
		EC70589B2DBC7C4D002D47DF /* CloseButton.swift */ = {isa = PBXFileReference; lastKnownFileType = sourcecode.swift; path = CloseButton.swift; sourceTree = "<group>"; };
		EC70589D2DBCA8B6002D47DF /* HeaderLabel.swift */ = {isa = PBXFileReference; lastKnownFileType = sourcecode.swift; path = HeaderLabel.swift; sourceTree = "<group>"; };
		EC8ABAF72D7591B100AEC01B /* DiffTableViewCell.swift */ = {isa = PBXFileReference; lastKnownFileType = sourcecode.swift; path = DiffTableViewCell.swift; sourceTree = "<group>"; };
		EC8ABAF92D75923C00AEC01B /* DiffCode.swift */ = {isa = PBXFileReference; lastKnownFileType = sourcecode.swift; path = DiffCode.swift; sourceTree = "<group>"; };
		EC8ABAFB2D75975B00AEC01B /* DiffTableViewController.swift */ = {isa = PBXFileReference; lastKnownFileType = sourcecode.swift; path = DiffTableViewController.swift; sourceTree = "<group>"; };
		EC8ABB012D75AA2200AEC01B /* UpdateVoteDetailView.swift */ = {isa = PBXFileReference; lastKnownFileType = sourcecode.swift; path = UpdateVoteDetailView.swift; sourceTree = "<group>"; };
		EC9884322D7AE8F500224DAA /* LocationSearchViewController.swift */ = {isa = PBXFileReference; lastKnownFileType = sourcecode.swift; path = LocationSearchViewController.swift; sourceTree = "<group>"; };
		EC9884342D7C3AA100224DAA /* LocationBottomSheet.swift */ = {isa = PBXFileReference; lastKnownFileType = sourcecode.swift; path = LocationBottomSheet.swift; sourceTree = "<group>"; };
		EC9884362D7C86E900224DAA /* LocationPickerViewController.swift */ = {isa = PBXFileReference; lastKnownFileType = sourcecode.swift; path = LocationPickerViewController.swift; sourceTree = "<group>"; };
		EC9884382D7DB06100224DAA /* LocationComfirmBottomSheet.swift */ = {isa = PBXFileReference; lastKnownFileType = sourcecode.swift; path = LocationComfirmBottomSheet.swift; sourceTree = "<group>"; };
		EC98843A2D7DBBFF00224DAA /* PlaceSearchViewController.swift */ = {isa = PBXFileReference; lastKnownFileType = sourcecode.swift; path = PlaceSearchViewController.swift; sourceTree = "<group>"; };
		EC9884B42D7F0F1800224DAA /* LocationDetailBottomSheet.swift */ = {isa = PBXFileReference; lastKnownFileType = sourcecode.swift; path = LocationDetailBottomSheet.swift; sourceTree = "<group>"; };
		ECA94B932D5082B9005B0428 /* BibleAtlas.app */ = {isa = PBXFileReference; explicitFileType = wrapper.application; includeInIndex = 0; path = BibleAtlas.app; sourceTree = BUILT_PRODUCTS_DIR; };
		ECA94B962D5082B9005B0428 /* AppDelegate.swift */ = {isa = PBXFileReference; lastKnownFileType = sourcecode.swift; path = AppDelegate.swift; sourceTree = "<group>"; };
		ECA94B982D5082B9005B0428 /* SceneDelegate.swift */ = {isa = PBXFileReference; lastKnownFileType = sourcecode.swift; path = SceneDelegate.swift; sourceTree = "<group>"; };
		ECA94B9A2D5082B9005B0428 /* ViewController.swift */ = {isa = PBXFileReference; lastKnownFileType = sourcecode.swift; path = ViewController.swift; sourceTree = "<group>"; };
		ECA94BA02D5082B9005B0428 /* BibleAtlas.xcdatamodel */ = {isa = PBXFileReference; lastKnownFileType = wrapper.xcdatamodel; path = BibleAtlas.xcdatamodel; sourceTree = "<group>"; };
		ECA94BA22D5082BA005B0428 /* Assets.xcassets */ = {isa = PBXFileReference; lastKnownFileType = folder.assetcatalog; path = Assets.xcassets; sourceTree = "<group>"; };
		ECA94BA72D5082BA005B0428 /* Info.plist */ = {isa = PBXFileReference; lastKnownFileType = text.plist.xml; path = Info.plist; sourceTree = "<group>"; };
		ECA94BAC2D5082BA005B0428 /* BibleAtlasTests.xctest */ = {isa = PBXFileReference; explicitFileType = wrapper.cfbundle; includeInIndex = 0; path = BibleAtlasTests.xctest; sourceTree = BUILT_PRODUCTS_DIR; };
		ECA94BB02D5082BA005B0428 /* BibleAtlasTests.swift */ = {isa = PBXFileReference; lastKnownFileType = sourcecode.swift; path = BibleAtlasTests.swift; sourceTree = "<group>"; };
		ECA94BB62D5082BA005B0428 /* BibleAtlasUITests.xctest */ = {isa = PBXFileReference; explicitFileType = wrapper.cfbundle; includeInIndex = 0; path = BibleAtlasUITests.xctest; sourceTree = BUILT_PRODUCTS_DIR; };
		ECA94BBA2D5082BA005B0428 /* BibleAtlasUITests.swift */ = {isa = PBXFileReference; lastKnownFileType = sourcecode.swift; path = BibleAtlasUITests.swift; sourceTree = "<group>"; };
		ECA94BBC2D5082BA005B0428 /* BibleAtlasUITestsLaunchTests.swift */ = {isa = PBXFileReference; lastKnownFileType = sourcecode.swift; path = BibleAtlasUITestsLaunchTests.swift; sourceTree = "<group>"; };
		ECA94BCB2D508D1E005B0428 /* DefaultSession.swift */ = {isa = PBXFileReference; lastKnownFileType = sourcecode.swift; path = DefaultSession.swift; sourceTree = "<group>"; };
		ECA94BD02D509377005B0428 /* NetworkError.swift */ = {isa = PBXFileReference; lastKnownFileType = sourcecode.swift; path = NetworkError.swift; sourceTree = "<group>"; };
		ECA94BD42D5094F1005B0428 /* User.swift */ = {isa = PBXFileReference; lastKnownFileType = sourcecode.swift; path = User.swift; sourceTree = "<group>"; };
		ECA94BD62D50977A005B0428 /* NetworkManager.swift */ = {isa = PBXFileReference; lastKnownFileType = sourcecode.swift; path = NetworkManager.swift; sourceTree = "<group>"; };
		ECA94BD92D509AFF005B0428 /* AuthManager.swift */ = {isa = PBXFileReference; lastKnownFileType = sourcecode.swift; path = AuthManager.swift; sourceTree = "<group>"; };
		ECA94BDC2D50A59E005B0428 /* AuthNetworkManager.swift */ = {isa = PBXFileReference; lastKnownFileType = sourcecode.swift; path = AuthNetworkManager.swift; sourceTree = "<group>"; };
		ECA94BE02D50A739005B0428 /* AuthData.swift */ = {isa = PBXFileReference; lastKnownFileType = sourcecode.swift; path = AuthData.swift; sourceTree = "<group>"; };
		ECA94BE42D50AE92005B0428 /* AuthRepositoryProtocol.swift */ = {isa = PBXFileReference; lastKnownFileType = sourcecode.swift; path = AuthRepositoryProtocol.swift; sourceTree = "<group>"; };
		ECA94BE72D50AF41005B0428 /* AuthRepository.swift */ = {isa = PBXFileReference; lastKnownFileType = sourcecode.swift; path = AuthRepository.swift; sourceTree = "<group>"; };
		ECA94BEA2D50B0B9005B0428 /* AuthUsecase.swift */ = {isa = PBXFileReference; lastKnownFileType = sourcecode.swift; path = AuthUsecase.swift; sourceTree = "<group>"; };
		ECA94BEE2D50B492005B0428 /* MockingApi.swift */ = {isa = PBXFileReference; lastKnownFileType = sourcecode.swift; path = MockingApi.swift; sourceTree = "<group>"; };
		ECA94BF32D51ADAF005B0428 /* LoginViewModel.swift */ = {isa = PBXFileReference; lastKnownFileType = sourcecode.swift; path = LoginViewModel.swift; sourceTree = "<group>"; };
		ECA94BF72D51AE28005B0428 /* LoginViewController.swift */ = {isa = PBXFileReference; lastKnownFileType = sourcecode.swift; path = LoginViewController.swift; sourceTree = "<group>"; };
		ECA94BF92D520CC9005B0428 /* HomeViewController.swift */ = {isa = PBXFileReference; lastKnownFileType = sourcecode.swift; path = HomeViewController.swift; sourceTree = "<group>"; };
		ECA94BFB2D520CE1005B0428 /* SearchOptionViewController.swift */ = {isa = PBXFileReference; lastKnownFileType = sourcecode.swift; path = SearchOptionViewController.swift; sourceTree = "<group>"; };
		ECA94BFD2D520CEF005B0428 /* MyInfoViewController.swift */ = {isa = PBXFileReference; lastKnownFileType = sourcecode.swift; path = MyInfoViewController.swift; sourceTree = "<group>"; };
		ECA94BFF2D520F8A005B0428 /* MainTabBarControllerViewController.swift */ = {isa = PBXFileReference; lastKnownFileType = sourcecode.swift; path = MainTabBarControllerViewController.swift; sourceTree = "<group>"; };
		ECA94C022D52F00C005B0428 /* AppCoordinator.swift */ = {isa = PBXFileReference; lastKnownFileType = sourcecode.swift; path = AppCoordinator.swift; sourceTree = "<group>"; };
		ECA94C072D534684005B0428 /* ActivityCell.swift */ = {isa = PBXFileReference; lastKnownFileType = sourcecode.swift; path = ActivityCell.swift; sourceTree = "<group>"; };
		ECA94C0A2D53494A005B0428 /* Constants.swift */ = {isa = PBXFileReference; lastKnownFileType = sourcecode.swift; path = Constants.swift; sourceTree = "<group>"; };
		ECA94C0C2D5A3714005B0428 /* ActivitySmallCell.swift */ = {isa = PBXFileReference; lastKnownFileType = sourcecode.swift; path = ActivitySmallCell.swift; sourceTree = "<group>"; };
		ECA94C0E2D5B08B1005B0428 /* AlertCell.swift */ = {isa = PBXFileReference; lastKnownFileType = sourcecode.swift; path = AlertCell.swift; sourceTree = "<group>"; };
		ECADA5822D5B3EF7005E1E95 /* AccountSettingViewController.swift */ = {isa = PBXFileReference; lastKnownFileType = sourcecode.swift; path = AccountSettingViewController.swift; sourceTree = "<group>"; };
/* End PBXFileReference section */

/* Begin PBXFrameworksBuildPhase section */
		ECA94B902D5082B9005B0428 /* Frameworks */ = {
			isa = PBXFrameworksBuildPhase;
			buildActionMask = 2147483647;
			files = (
				39B9D8CDDF5E2F1957E7A42C /* Pods_BibleAtlas.framework in Frameworks */,
				EC8ABAF62D74828200AEC01B /* Markdown in Frameworks */,
			);
			runOnlyForDeploymentPostprocessing = 0;
		};
		ECA94BA92D5082BA005B0428 /* Frameworks */ = {
			isa = PBXFrameworksBuildPhase;
			buildActionMask = 2147483647;
			files = (
				296CB238BA49943CA6B4BDF2 /* Pods_BibleAtlasTests.framework in Frameworks */,
			);
			runOnlyForDeploymentPostprocessing = 0;
		};
		ECA94BB32D5082BA005B0428 /* Frameworks */ = {
			isa = PBXFrameworksBuildPhase;
			buildActionMask = 2147483647;
			files = (
				1AA065047DE92DF69959A910 /* Pods_BibleAtlas_BibleAtlasUITests.framework in Frameworks */,
			);
			runOnlyForDeploymentPostprocessing = 0;
		};
/* End PBXFrameworksBuildPhase section */

/* Begin PBXGroup section */
		237FBDD80EA3F7F0979F47CC /* Frameworks */ = {
			isa = PBXGroup;
			children = (
				ADC275028A6E0F37DC7A90D5 /* Pods_BibleAtlas.framework */,
				DA55ABE10F06790553768BDF /* Pods_BibleAtlas_BibleAtlasUITests.framework */,
				8EA6D60ADC15852CAC915A09 /* Pods_BibleAtlasTests.framework */,
			);
			name = Frameworks;
			sourceTree = "<group>";
		};
		EC70587C2DB397B1002D47DF /* Dependencies */ = {
			isa = PBXGroup;
			children = (
				EC70587D2DB397CF002D47DF /* BottomSheetCoordinator.swift */,
				EC7058812DB3A2D9002D47DF /* BottomSheetFactory.swift */,
			);
			path = Dependencies;
			sourceTree = "<group>";
		};
		EC7058852DB3C97D002D47DF /* Enums */ = {
			isa = PBXGroup;
			children = (
				EC70587F2DB3992D002D47DF /* BottomSheetType.swift */,
			);
			path = Enums;
			sourceTree = "<group>";
		};
		EC7058862DB3CA48002D47DF /* Extensions */ = {
			isa = PBXGroup;
			children = (
				EC7058872DB3CA5B002D47DF /* UIColor.swift */,
			);
			path = Extensions;
			sourceTree = "<group>";
		};
		EC7058892DB8BCA5002D47DF /* Buttons */ = {
			isa = PBXGroup;
			children = (
				EC70588A2DB8BCCE002D47DF /* CollectionButton.swift */,
				EC7058972DBA772E002D47DF /* GuideButton.swift */,
				EC70589B2DBC7C4D002D47DF /* CloseButton.swift */,
			);
			path = Buttons;
			sourceTree = "<group>";
		};
		EC70588C2DB8BDB9002D47DF /* Labels */ = {
			isa = PBXGroup;
			children = (
				EC70588D2DB8BEB1002D47DF /* MainLabel.swift */,
				EC70589D2DBCA8B6002D47DF /* HeaderLabel.swift */,
			);
			path = Labels;
			sourceTree = "<group>";
		};
		EC70588F2DB9D8B9002D47DF /* Tables */ = {
			isa = PBXGroup;
			children = (
				EC7058932DB9D93D002D47DF /* RecentSearchTableViewCell.swift */,
			);
			path = Tables;
			sourceTree = "<group>";
		};
		ECA94B8A2D5082B9005B0428 = {
			isa = PBXGroup;
			children = (
				ECA94B952D5082B9005B0428 /* BibleAtlas */,
				ECA94BAF2D5082BA005B0428 /* BibleAtlasTests */,
				ECA94BB92D5082BA005B0428 /* BibleAtlasUITests */,
				ECA94B942D5082B9005B0428 /* Products */,
				FA9885F27C7E364B662974A9 /* Pods */,
				237FBDD80EA3F7F0979F47CC /* Frameworks */,
			);
			sourceTree = "<group>";
		};
		ECA94B942D5082B9005B0428 /* Products */ = {
			isa = PBXGroup;
			children = (
				ECA94B932D5082B9005B0428 /* BibleAtlas.app */,
				ECA94BAC2D5082BA005B0428 /* BibleAtlasTests.xctest */,
				ECA94BB62D5082BA005B0428 /* BibleAtlasUITests.xctest */,
			);
			name = Products;
			sourceTree = "<group>";
		};
		ECA94B952D5082B9005B0428 /* BibleAtlas */ = {
			isa = PBXGroup;
			children = (
				ECA94BF02D51AB3D005B0428 /* Presentation */,
				ECA94BCD2D50931C005B0428 /* Domain */,
				ECA94BC92D508BDF005B0428 /* Data */,
				ECA94BEC2D50B464005B0428 /* Helplers */,
				ECA94B962D5082B9005B0428 /* AppDelegate.swift */,
				ECA94B982D5082B9005B0428 /* SceneDelegate.swift */,
				ECA94B9A2D5082B9005B0428 /* ViewController.swift */,
				ECA94BA22D5082BA005B0428 /* Assets.xcassets */,
				ECA94BA72D5082BA005B0428 /* Info.plist */,
				ECA94B9F2D5082B9005B0428 /* BibleAtlas.xcdatamodeld */,
			);
			path = BibleAtlas;
			sourceTree = "<group>";
		};
		ECA94BAF2D5082BA005B0428 /* BibleAtlasTests */ = {
			isa = PBXGroup;
			children = (
				ECA94BB02D5082BA005B0428 /* BibleAtlasTests.swift */,
			);
			path = BibleAtlasTests;
			sourceTree = "<group>";
		};
		ECA94BB92D5082BA005B0428 /* BibleAtlasUITests */ = {
			isa = PBXGroup;
			children = (
				ECA94BBA2D5082BA005B0428 /* BibleAtlasUITests.swift */,
				ECA94BBC2D5082BA005B0428 /* BibleAtlasUITestsLaunchTests.swift */,
			);
			path = BibleAtlasUITests;
			sourceTree = "<group>";
		};
		ECA94BC92D508BDF005B0428 /* Data */ = {
			isa = PBXGroup;
			children = (
				ECA94BE62D50AF02005B0428 /* Repository */,
				ECA94BD82D509ADF005B0428 /* Auth */,
				ECA94BCA2D508BEE005B0428 /* Network */,
			);
			path = Data;
			sourceTree = "<group>";
		};
		ECA94BCA2D508BEE005B0428 /* Network */ = {
			isa = PBXGroup;
			children = (
				ECA94BCB2D508D1E005B0428 /* DefaultSession.swift */,
				ECA94BD62D50977A005B0428 /* NetworkManager.swift */,
				ECA94BDC2D50A59E005B0428 /* AuthNetworkManager.swift */,
			);
			path = Network;
			sourceTree = "<group>";
		};
		ECA94BCD2D50931C005B0428 /* Domain */ = {
			isa = PBXGroup;
			children = (
				ECA94BE92D50B03C005B0428 /* Usecase */,
				ECA94BE22D50ACC9005B0428 /* RepositoryProtocol */,
				ECA94BCE2D509329005B0428 /* Entity */,
			);
			path = Domain;
			sourceTree = "<group>";
		};
		ECA94BCE2D509329005B0428 /* Entity */ = {
			isa = PBXGroup;
			children = (
				ECA94BD22D50946A005B0428 /* Data */,
				ECA94BCF2D509351005B0428 /* Error */,
			);
			path = Entity;
			sourceTree = "<group>";
		};
		ECA94BCF2D509351005B0428 /* Error */ = {
			isa = PBXGroup;
			children = (
				ECA94BD02D509377005B0428 /* NetworkError.swift */,
			);
			name = Error;
			sourceTree = "<group>";
		};
		ECA94BD22D50946A005B0428 /* Data */ = {
			isa = PBXGroup;
			children = (
				ECA94BD42D5094F1005B0428 /* User.swift */,
				ECA94BE02D50A739005B0428 /* AuthData.swift */,
				EC8ABAF92D75923C00AEC01B /* DiffCode.swift */,
			);
			name = Data;
			sourceTree = "<group>";
		};
		ECA94BD82D509ADF005B0428 /* Auth */ = {
			isa = PBXGroup;
			children = (
				ECA94BD92D509AFF005B0428 /* AuthManager.swift */,
			);
			path = Auth;
			sourceTree = "<group>";
		};
		ECA94BE22D50ACC9005B0428 /* RepositoryProtocol */ = {
			isa = PBXGroup;
			children = (
				ECA94BE42D50AE92005B0428 /* AuthRepositoryProtocol.swift */,
			);
			path = RepositoryProtocol;
			sourceTree = "<group>";
		};
		ECA94BE62D50AF02005B0428 /* Repository */ = {
			isa = PBXGroup;
			children = (
				ECA94BE72D50AF41005B0428 /* AuthRepository.swift */,
			);
			path = Repository;
			sourceTree = "<group>";
		};
		ECA94BE92D50B03C005B0428 /* Usecase */ = {
			isa = PBXGroup;
			children = (
				ECA94BEA2D50B0B9005B0428 /* AuthUsecase.swift */,
			);
			path = Usecase;
			sourceTree = "<group>";
		};
		ECA94BEC2D50B464005B0428 /* Helplers */ = {
			isa = PBXGroup;
			children = (
				EC7058852DB3C97D002D47DF /* Enums */,
				EC70587C2DB397B1002D47DF /* Dependencies */,
				ECA94C092D53488B005B0428 /* Const */,
				ECA94BED2D50B47A005B0428 /* Utils */,
			);
			path = Helplers;
			sourceTree = "<group>";
		};
		ECA94BED2D50B47A005B0428 /* Utils */ = {
			isa = PBXGroup;
			children = (
				ECA94BEE2D50B492005B0428 /* MockingApi.swift */,
			);
			path = Utils;
			sourceTree = "<group>";
		};
		ECA94BF02D51AB3D005B0428 /* Presentation */ = {
			isa = PBXGroup;
			children = (
				EC7058862DB3CA48002D47DF /* Extensions */,
				ECA94C012D52EFC0005B0428 /* Coordinators */,
				ECA94C062D53464D005B0428 /* Views */,
				ECA94BF22D51AD94005B0428 /* ViewModels */,
				ECA94BF12D51AD7F005B0428 /* ViewControllers */,
			);
			path = Presentation;
			sourceTree = "<group>";
		};
		ECA94BF12D51AD7F005B0428 /* ViewControllers */ = {
			isa = PBXGroup;
			children = (
				ECA94BF72D51AE28005B0428 /* LoginViewController.swift */,
				ECA94BF92D520CC9005B0428 /* HomeViewController.swift */,
				ECA94BFB2D520CE1005B0428 /* SearchOptionViewController.swift */,
				ECA94BFD2D520CEF005B0428 /* MyInfoViewController.swift */,
				ECA94BFF2D520F8A005B0428 /* MainTabBarControllerViewController.swift */,
				ECADA5822D5B3EF7005E1E95 /* AccountSettingViewController.swift */,
				EC0652452D5C8919006EABC9 /* MyActivitiesViewController.swift */,
				EC0652472D5C9FC2006EABC9 /* MyAlertsViewController.swift */,
				EC0652492D5DEAA1006EABC9 /* SortSelectionViewController.swift */,
				EC06524B2D62D315006EABC9 /* SearchViewController.swift */,
				EC06524F2D660188006EABC9 /* DetailViewController.swift */,
				EC0652512D676E08006EABC9 /* CreateVoteViewController.swift */,
				EC0652562D6C6D8B006EABC9 /* DeleteVoteViewController.swift */,
				EC06525D2D6D9841006EABC9 /* ScrollViewController.swift */,
				EC0652632D6EF53C006EABC9 /* CreateVoteDetailViewController.swift */,
				EC0652652D72BF9F006EABC9 /* DeleteVoteDetailViewController.swift */,
				EC8ABB012D75AA2200AEC01B /* UpdateVoteDetailView.swift */,
				EC9884322D7AE8F500224DAA /* LocationSearchViewController.swift */,
				EC9884342D7C3AA100224DAA /* LocationBottomSheet.swift */,
				EC9884362D7C86E900224DAA /* LocationPickerViewController.swift */,
				EC9884382D7DB06100224DAA /* LocationComfirmBottomSheet.swift */,
				EC98843A2D7DBBFF00224DAA /* PlaceSearchViewController.swift */,
				EC9884B42D7F0F1800224DAA /* LocationDetailBottomSheet.swift */,
				EC70587A2DB39629002D47DF /* MainViewController.swift */,
				EC7058832DB3BAE5002D47DF /* HomeBottomSheetViewController.swift */,
				EC7058992DBC7BE1002D47DF /* LoginBottomSheetViewController.swift */,
			);
			path = ViewControllers;
			sourceTree = "<group>";
		};
		ECA94BF22D51AD94005B0428 /* ViewModels */ = {
			isa = PBXGroup;
			children = (
				ECA94BF32D51ADAF005B0428 /* LoginViewModel.swift */,
			);
			path = ViewModels;
			sourceTree = "<group>";
		};
		ECA94C012D52EFC0005B0428 /* Coordinators */ = {
			isa = PBXGroup;
			children = (
				ECA94C022D52F00C005B0428 /* AppCoordinator.swift */,
			);
			path = Coordinators;
			sourceTree = "<group>";
		};
		ECA94C062D53464D005B0428 /* Views */ = {
			isa = PBXGroup;
			children = (
				EC70588F2DB9D8B9002D47DF /* Tables */,
				EC70588C2DB8BDB9002D47DF /* Labels */,
				EC7058892DB8BCA5002D47DF /* Buttons */,
				ECA94C0C2D5A3714005B0428 /* ActivitySmallCell.swift */,
				ECA94C0E2D5B08B1005B0428 /* AlertCell.swift */,
				EC0652432D5C6FA9006EABC9 /* AccountSettingCell.swift */,
				EC06524D2D656EE6006EABC9 /* SearchCell.swift */,
				ECA94C072D534684005B0428 /* ActivityCell.swift */,
				EC0652582D6C72A6006EABC9 /* LocationCard.swift */,
				EC8ABAF72D7591B100AEC01B /* DiffTableViewCell.swift */,
				EC8ABAFB2D75975B00AEC01B /* DiffTableViewController.swift */,
			);
			path = Views;
			sourceTree = "<group>";
		};
		ECA94C092D53488B005B0428 /* Const */ = {
			isa = PBXGroup;
			children = (
				ECA94C0A2D53494A005B0428 /* Constants.swift */,
			);
			path = Const;
			sourceTree = "<group>";
		};
		FA9885F27C7E364B662974A9 /* Pods */ = {
			isa = PBXGroup;
			children = (
				62ED149E4D469D5193C3391F /* Pods-BibleAtlas.debug.xcconfig */,
				93688677BD7F15874DB994F0 /* Pods-BibleAtlas.release.xcconfig */,
				27427E9961F5FEBDD710F748 /* Pods-BibleAtlas-BibleAtlasUITests.debug.xcconfig */,
				CCF5D5F9277B71DAA500A8F2 /* Pods-BibleAtlas-BibleAtlasUITests.release.xcconfig */,
				B99651049227BE5701E9D126 /* Pods-BibleAtlasTests.debug.xcconfig */,
				21CCD02993F38A3746EDE812 /* Pods-BibleAtlasTests.release.xcconfig */,
			);
			path = Pods;
			sourceTree = "<group>";
		};
/* End PBXGroup section */

/* Begin PBXNativeTarget section */
		ECA94B922D5082B9005B0428 /* BibleAtlas */ = {
			isa = PBXNativeTarget;
			buildConfigurationList = ECA94BC02D5082BA005B0428 /* Build configuration list for PBXNativeTarget "BibleAtlas" */;
			buildPhases = (
				A1ABF1469C16450CC49E180E /* [CP] Check Pods Manifest.lock */,
				ECA94B8F2D5082B9005B0428 /* Sources */,
				ECA94B902D5082B9005B0428 /* Frameworks */,
				ECA94B912D5082B9005B0428 /* Resources */,
				6698FD6761F5E893129B6276 /* [CP] Embed Pods Frameworks */,
			);
			buildRules = (
			);
			dependencies = (
			);
			name = BibleAtlas;
			packageProductDependencies = (
				EC8ABAF52D74828200AEC01B /* Markdown */,
			);
			productName = BibleAtlas;
			productReference = ECA94B932D5082B9005B0428 /* BibleAtlas.app */;
			productType = "com.apple.product-type.application";
		};
		ECA94BAB2D5082BA005B0428 /* BibleAtlasTests */ = {
			isa = PBXNativeTarget;
			buildConfigurationList = ECA94BC32D5082BA005B0428 /* Build configuration list for PBXNativeTarget "BibleAtlasTests" */;
			buildPhases = (
				EBCE784E9A480BC69BC18807 /* [CP] Check Pods Manifest.lock */,
				ECA94BA82D5082BA005B0428 /* Sources */,
				ECA94BA92D5082BA005B0428 /* Frameworks */,
				ECA94BAA2D5082BA005B0428 /* Resources */,
			);
			buildRules = (
			);
			dependencies = (
				ECA94BAE2D5082BA005B0428 /* PBXTargetDependency */,
			);
			name = BibleAtlasTests;
			productName = BibleAtlasTests;
			productReference = ECA94BAC2D5082BA005B0428 /* BibleAtlasTests.xctest */;
			productType = "com.apple.product-type.bundle.unit-test";
		};
		ECA94BB52D5082BA005B0428 /* BibleAtlasUITests */ = {
			isa = PBXNativeTarget;
			buildConfigurationList = ECA94BC62D5082BA005B0428 /* Build configuration list for PBXNativeTarget "BibleAtlasUITests" */;
			buildPhases = (
				D51049128A7156D95A642ADB /* [CP] Check Pods Manifest.lock */,
				ECA94BB22D5082BA005B0428 /* Sources */,
				ECA94BB32D5082BA005B0428 /* Frameworks */,
				ECA94BB42D5082BA005B0428 /* Resources */,
				81049AA4C914D28F5065C462 /* [CP] Embed Pods Frameworks */,
			);
			buildRules = (
			);
			dependencies = (
				ECA94BB82D5082BA005B0428 /* PBXTargetDependency */,
			);
			name = BibleAtlasUITests;
			productName = BibleAtlasUITests;
			productReference = ECA94BB62D5082BA005B0428 /* BibleAtlasUITests.xctest */;
			productType = "com.apple.product-type.bundle.ui-testing";
		};
/* End PBXNativeTarget section */

/* Begin PBXProject section */
		ECA94B8B2D5082B9005B0428 /* Project object */ = {
			isa = PBXProject;
			attributes = {
				BuildIndependentTargetsInParallel = 1;
				LastSwiftUpdateCheck = 1520;
				LastUpgradeCheck = 1520;
				TargetAttributes = {
					ECA94B922D5082B9005B0428 = {
						CreatedOnToolsVersion = 15.2;
					};
					ECA94BAB2D5082BA005B0428 = {
						CreatedOnToolsVersion = 15.2;
						TestTargetID = ECA94B922D5082B9005B0428;
					};
					ECA94BB52D5082BA005B0428 = {
						CreatedOnToolsVersion = 15.2;
						TestTargetID = ECA94B922D5082B9005B0428;
					};
				};
			};
			buildConfigurationList = ECA94B8E2D5082B9005B0428 /* Build configuration list for PBXProject "BibleAtlas" */;
			compatibilityVersion = "Xcode 14.0";
			developmentRegion = en;
			hasScannedForEncodings = 0;
			knownRegions = (
				en,
				Base,
			);
			mainGroup = ECA94B8A2D5082B9005B0428;
			packageReferences = (
				EC8ABAF42D74828200AEC01B /* XCRemoteSwiftPackageReference "swift-markdown" */,
			);
			productRefGroup = ECA94B942D5082B9005B0428 /* Products */;
			projectDirPath = "";
			projectRoot = "";
			targets = (
				ECA94B922D5082B9005B0428 /* BibleAtlas */,
				ECA94BAB2D5082BA005B0428 /* BibleAtlasTests */,
				ECA94BB52D5082BA005B0428 /* BibleAtlasUITests */,
			);
		};
/* End PBXProject section */

/* Begin PBXResourcesBuildPhase section */
		ECA94B912D5082B9005B0428 /* Resources */ = {
			isa = PBXResourcesBuildPhase;
			buildActionMask = 2147483647;
			files = (
				ECA94BA32D5082BA005B0428 /* Assets.xcassets in Resources */,
			);
			runOnlyForDeploymentPostprocessing = 0;
		};
		ECA94BAA2D5082BA005B0428 /* Resources */ = {
			isa = PBXResourcesBuildPhase;
			buildActionMask = 2147483647;
			files = (
			);
			runOnlyForDeploymentPostprocessing = 0;
		};
		ECA94BB42D5082BA005B0428 /* Resources */ = {
			isa = PBXResourcesBuildPhase;
			buildActionMask = 2147483647;
			files = (
			);
			runOnlyForDeploymentPostprocessing = 0;
		};
/* End PBXResourcesBuildPhase section */

/* Begin PBXShellScriptBuildPhase section */
		6698FD6761F5E893129B6276 /* [CP] Embed Pods Frameworks */ = {
			isa = PBXShellScriptBuildPhase;
			buildActionMask = 2147483647;
			files = (
			);
			inputFileListPaths = (
				"${PODS_ROOT}/Target Support Files/Pods-BibleAtlas/Pods-BibleAtlas-frameworks-${CONFIGURATION}-input-files.xcfilelist",
			);
			name = "[CP] Embed Pods Frameworks";
			outputFileListPaths = (
				"${PODS_ROOT}/Target Support Files/Pods-BibleAtlas/Pods-BibleAtlas-frameworks-${CONFIGURATION}-output-files.xcfilelist",
			);
			runOnlyForDeploymentPostprocessing = 0;
			shellPath = /bin/sh;
			shellScript = "\"${PODS_ROOT}/Target Support Files/Pods-BibleAtlas/Pods-BibleAtlas-frameworks.sh\"\n";
			showEnvVarsInLog = 0;
		};
		81049AA4C914D28F5065C462 /* [CP] Embed Pods Frameworks */ = {
			isa = PBXShellScriptBuildPhase;
			buildActionMask = 2147483647;
			files = (
			);
			inputFileListPaths = (
				"${PODS_ROOT}/Target Support Files/Pods-BibleAtlas-BibleAtlasUITests/Pods-BibleAtlas-BibleAtlasUITests-frameworks-${CONFIGURATION}-input-files.xcfilelist",
			);
			name = "[CP] Embed Pods Frameworks";
			outputFileListPaths = (
				"${PODS_ROOT}/Target Support Files/Pods-BibleAtlas-BibleAtlasUITests/Pods-BibleAtlas-BibleAtlasUITests-frameworks-${CONFIGURATION}-output-files.xcfilelist",
			);
			runOnlyForDeploymentPostprocessing = 0;
			shellPath = /bin/sh;
			shellScript = "\"${PODS_ROOT}/Target Support Files/Pods-BibleAtlas-BibleAtlasUITests/Pods-BibleAtlas-BibleAtlasUITests-frameworks.sh\"\n";
			showEnvVarsInLog = 0;
		};
		A1ABF1469C16450CC49E180E /* [CP] Check Pods Manifest.lock */ = {
			isa = PBXShellScriptBuildPhase;
			buildActionMask = 2147483647;
			files = (
			);
			inputFileListPaths = (
			);
			inputPaths = (
				"${PODS_PODFILE_DIR_PATH}/Podfile.lock",
				"${PODS_ROOT}/Manifest.lock",
			);
			name = "[CP] Check Pods Manifest.lock";
			outputFileListPaths = (
			);
			outputPaths = (
				"$(DERIVED_FILE_DIR)/Pods-BibleAtlas-checkManifestLockResult.txt",
			);
			runOnlyForDeploymentPostprocessing = 0;
			shellPath = /bin/sh;
			shellScript = "diff \"${PODS_PODFILE_DIR_PATH}/Podfile.lock\" \"${PODS_ROOT}/Manifest.lock\" > /dev/null\nif [ $? != 0 ] ; then\n    # print error to STDERR\n    echo \"error: The sandbox is not in sync with the Podfile.lock. Run 'pod install' or update your CocoaPods installation.\" >&2\n    exit 1\nfi\n# This output is used by Xcode 'outputs' to avoid re-running this script phase.\necho \"SUCCESS\" > \"${SCRIPT_OUTPUT_FILE_0}\"\n";
			showEnvVarsInLog = 0;
		};
		D51049128A7156D95A642ADB /* [CP] Check Pods Manifest.lock */ = {
			isa = PBXShellScriptBuildPhase;
			buildActionMask = 2147483647;
			files = (
			);
			inputFileListPaths = (
			);
			inputPaths = (
				"${PODS_PODFILE_DIR_PATH}/Podfile.lock",
				"${PODS_ROOT}/Manifest.lock",
			);
			name = "[CP] Check Pods Manifest.lock";
			outputFileListPaths = (
			);
			outputPaths = (
				"$(DERIVED_FILE_DIR)/Pods-BibleAtlas-BibleAtlasUITests-checkManifestLockResult.txt",
			);
			runOnlyForDeploymentPostprocessing = 0;
			shellPath = /bin/sh;
			shellScript = "diff \"${PODS_PODFILE_DIR_PATH}/Podfile.lock\" \"${PODS_ROOT}/Manifest.lock\" > /dev/null\nif [ $? != 0 ] ; then\n    # print error to STDERR\n    echo \"error: The sandbox is not in sync with the Podfile.lock. Run 'pod install' or update your CocoaPods installation.\" >&2\n    exit 1\nfi\n# This output is used by Xcode 'outputs' to avoid re-running this script phase.\necho \"SUCCESS\" > \"${SCRIPT_OUTPUT_FILE_0}\"\n";
			showEnvVarsInLog = 0;
		};
		EBCE784E9A480BC69BC18807 /* [CP] Check Pods Manifest.lock */ = {
			isa = PBXShellScriptBuildPhase;
			buildActionMask = 2147483647;
			files = (
			);
			inputFileListPaths = (
			);
			inputPaths = (
				"${PODS_PODFILE_DIR_PATH}/Podfile.lock",
				"${PODS_ROOT}/Manifest.lock",
			);
			name = "[CP] Check Pods Manifest.lock";
			outputFileListPaths = (
			);
			outputPaths = (
				"$(DERIVED_FILE_DIR)/Pods-BibleAtlasTests-checkManifestLockResult.txt",
			);
			runOnlyForDeploymentPostprocessing = 0;
			shellPath = /bin/sh;
			shellScript = "diff \"${PODS_PODFILE_DIR_PATH}/Podfile.lock\" \"${PODS_ROOT}/Manifest.lock\" > /dev/null\nif [ $? != 0 ] ; then\n    # print error to STDERR\n    echo \"error: The sandbox is not in sync with the Podfile.lock. Run 'pod install' or update your CocoaPods installation.\" >&2\n    exit 1\nfi\n# This output is used by Xcode 'outputs' to avoid re-running this script phase.\necho \"SUCCESS\" > \"${SCRIPT_OUTPUT_FILE_0}\"\n";
			showEnvVarsInLog = 0;
		};
/* End PBXShellScriptBuildPhase section */

/* Begin PBXSourcesBuildPhase section */
		ECA94B8F2D5082B9005B0428 /* Sources */ = {
			isa = PBXSourcesBuildPhase;
			buildActionMask = 2147483647;
			files = (
				ECA94C0F2D5B08B1005B0428 /* AlertCell.swift in Sources */,
				EC0652502D660188006EABC9 /* DetailViewController.swift in Sources */,
				EC06524E2D656EE6006EABC9 /* SearchCell.swift in Sources */,
				ECA94C032D52F00C005B0428 /* AppCoordinator.swift in Sources */,
				EC0652462D5C8919006EABC9 /* MyActivitiesViewController.swift in Sources */,
				EC9884352D7C3AA100224DAA /* LocationBottomSheet.swift in Sources */,
				EC0652572D6C6D8B006EABC9 /* DeleteVoteViewController.swift in Sources */,
				EC70589E2DBCA8B6002D47DF /* HeaderLabel.swift in Sources */,
				ECADA5832D5B3EF7005E1E95 /* AccountSettingViewController.swift in Sources */,
				EC70588E2DB8BEB1002D47DF /* MainLabel.swift in Sources */,
				EC9884332D7AE8F500224DAA /* LocationSearchViewController.swift in Sources */,
				EC06525E2D6D9841006EABC9 /* ScrollViewController.swift in Sources */,
				EC8ABAFA2D75923C00AEC01B /* DiffCode.swift in Sources */,
				ECA94BE82D50AF41005B0428 /* AuthRepository.swift in Sources */,
				EC9884B52D7F0F1800224DAA /* LocationDetailBottomSheet.swift in Sources */,
				EC7058982DBA772E002D47DF /* GuideButton.swift in Sources */,
				EC70587E2DB397CF002D47DF /* BottomSheetCoordinator.swift in Sources */,
				ECA94BDA2D509AFF005B0428 /* AuthManager.swift in Sources */,
				ECA94BFE2D520CEF005B0428 /* MyInfoViewController.swift in Sources */,
				EC8ABB022D75AA2200AEC01B /* UpdateVoteDetailView.swift in Sources */,
				EC0652642D6EF53C006EABC9 /* CreateVoteDetailViewController.swift in Sources */,
				ECA94B9B2D5082B9005B0428 /* ViewController.swift in Sources */,
				ECA94C0D2D5A3714005B0428 /* ActivitySmallCell.swift in Sources */,
				ECA94B972D5082B9005B0428 /* AppDelegate.swift in Sources */,
				EC06524C2D62D315006EABC9 /* SearchViewController.swift in Sources */,
				ECA94BFC2D520CE1005B0428 /* SearchOptionViewController.swift in Sources */,
				EC0652442D5C6FA9006EABC9 /* AccountSettingCell.swift in Sources */,
				EC8ABAF82D7591B100AEC01B /* DiffTableViewCell.swift in Sources */,
				EC70587B2DB39629002D47DF /* MainViewController.swift in Sources */,
				EC70589C2DBC7C4D002D47DF /* CloseButton.swift in Sources */,
				ECA94BF42D51ADAF005B0428 /* LoginViewModel.swift in Sources */,
				EC98843B2D7DBBFF00224DAA /* PlaceSearchViewController.swift in Sources */,
				ECA94BFA2D520CC9005B0428 /* HomeViewController.swift in Sources */,
				EC7058882DB3CA5B002D47DF /* UIColor.swift in Sources */,
				ECA94BE12D50A739005B0428 /* AuthData.swift in Sources */,
				ECA94BCC2D508D1E005B0428 /* DefaultSession.swift in Sources */,
				ECA94BD12D509377005B0428 /* NetworkError.swift in Sources */,
				EC7058802DB3992D002D47DF /* BottomSheetType.swift in Sources */,
				ECA94BD72D50977A005B0428 /* NetworkManager.swift in Sources */,
				EC06524A2D5DEAA1006EABC9 /* SortSelectionViewController.swift in Sources */,
				EC70588B2DB8BCCE002D47DF /* CollectionButton.swift in Sources */,
				EC70589A2DBC7BE1002D47DF /* LoginBottomSheetViewController.swift in Sources */,
				ECA94BDD2D50A59E005B0428 /* AuthNetworkManager.swift in Sources */,
				ECA94BEB2D50B0B9005B0428 /* AuthUsecase.swift in Sources */,
				EC0652662D72BF9F006EABC9 /* DeleteVoteDetailViewController.swift in Sources */,
				ECA94BE52D50AE92005B0428 /* AuthRepositoryProtocol.swift in Sources */,
				ECA94BEF2D50B492005B0428 /* MockingApi.swift in Sources */,
				EC8ABAFC2D75975B00AEC01B /* DiffTableViewController.swift in Sources */,
				EC0652522D676E08006EABC9 /* CreateVoteViewController.swift in Sources */,
				EC0652592D6C72A6006EABC9 /* LocationCard.swift in Sources */,
				EC7058842DB3BAE5002D47DF /* HomeBottomSheetViewController.swift in Sources */,
				ECA94C082D534684005B0428 /* ActivityCell.swift in Sources */,
				EC9884372D7C86E900224DAA /* LocationPickerViewController.swift in Sources */,
				EC7058822DB3A2D9002D47DF /* BottomSheetFactory.swift in Sources */,
				ECA94BF82D51AE28005B0428 /* LoginViewController.swift in Sources */,
				ECA94C002D520F8A005B0428 /* MainTabBarControllerViewController.swift in Sources */,
				ECA94BA12D5082B9005B0428 /* BibleAtlas.xcdatamodeld in Sources */,
				ECA94B992D5082B9005B0428 /* SceneDelegate.swift in Sources */,
				EC0652482D5C9FC2006EABC9 /* MyAlertsViewController.swift in Sources */,
				ECA94BD52D5094F1005B0428 /* User.swift in Sources */,
				EC7058942DB9D93D002D47DF /* RecentSearchTableViewCell.swift in Sources */,
				EC9884392D7DB06100224DAA /* LocationComfirmBottomSheet.swift in Sources */,
				ECA94C0B2D53494A005B0428 /* Constants.swift in Sources */,
			);
			runOnlyForDeploymentPostprocessing = 0;
		};
		ECA94BA82D5082BA005B0428 /* Sources */ = {
			isa = PBXSourcesBuildPhase;
			buildActionMask = 2147483647;
			files = (
				ECA94BB12D5082BA005B0428 /* BibleAtlasTests.swift in Sources */,
			);
			runOnlyForDeploymentPostprocessing = 0;
		};
		ECA94BB22D5082BA005B0428 /* Sources */ = {
			isa = PBXSourcesBuildPhase;
			buildActionMask = 2147483647;
			files = (
				ECA94BBB2D5082BA005B0428 /* BibleAtlasUITests.swift in Sources */,
				ECA94BBD2D5082BA005B0428 /* BibleAtlasUITestsLaunchTests.swift in Sources */,
			);
			runOnlyForDeploymentPostprocessing = 0;
		};
/* End PBXSourcesBuildPhase section */

/* Begin PBXTargetDependency section */
		ECA94BAE2D5082BA005B0428 /* PBXTargetDependency */ = {
			isa = PBXTargetDependency;
			target = ECA94B922D5082B9005B0428 /* BibleAtlas */;
			targetProxy = ECA94BAD2D5082BA005B0428 /* PBXContainerItemProxy */;
		};
		ECA94BB82D5082BA005B0428 /* PBXTargetDependency */ = {
			isa = PBXTargetDependency;
			target = ECA94B922D5082B9005B0428 /* BibleAtlas */;
			targetProxy = ECA94BB72D5082BA005B0428 /* PBXContainerItemProxy */;
		};
/* End PBXTargetDependency section */

/* Begin XCBuildConfiguration section */
		ECA94BBE2D5082BA005B0428 /* Debug */ = {
			isa = XCBuildConfiguration;
			buildSettings = {
				ALWAYS_SEARCH_USER_PATHS = NO;
				ASSETCATALOG_COMPILER_GENERATE_SWIFT_ASSET_SYMBOL_EXTENSIONS = YES;
				CLANG_ANALYZER_NONNULL = YES;
				CLANG_ANALYZER_NUMBER_OBJECT_CONVERSION = YES_AGGRESSIVE;
				CLANG_CXX_LANGUAGE_STANDARD = "gnu++20";
				CLANG_ENABLE_MODULES = YES;
				CLANG_ENABLE_OBJC_ARC = YES;
				CLANG_ENABLE_OBJC_WEAK = YES;
				CLANG_WARN_BLOCK_CAPTURE_AUTORELEASING = YES;
				CLANG_WARN_BOOL_CONVERSION = YES;
				CLANG_WARN_COMMA = YES;
				CLANG_WARN_CONSTANT_CONVERSION = YES;
				CLANG_WARN_DEPRECATED_OBJC_IMPLEMENTATIONS = YES;
				CLANG_WARN_DIRECT_OBJC_ISA_USAGE = YES_ERROR;
				CLANG_WARN_DOCUMENTATION_COMMENTS = YES;
				CLANG_WARN_EMPTY_BODY = YES;
				CLANG_WARN_ENUM_CONVERSION = YES;
				CLANG_WARN_INFINITE_RECURSION = YES;
				CLANG_WARN_INT_CONVERSION = YES;
				CLANG_WARN_NON_LITERAL_NULL_CONVERSION = YES;
				CLANG_WARN_OBJC_IMPLICIT_RETAIN_SELF = YES;
				CLANG_WARN_OBJC_LITERAL_CONVERSION = YES;
				CLANG_WARN_OBJC_ROOT_CLASS = YES_ERROR;
				CLANG_WARN_QUOTED_INCLUDE_IN_FRAMEWORK_HEADER = YES;
				CLANG_WARN_RANGE_LOOP_ANALYSIS = YES;
				CLANG_WARN_STRICT_PROTOTYPES = YES;
				CLANG_WARN_SUSPICIOUS_MOVE = YES;
				CLANG_WARN_UNGUARDED_AVAILABILITY = YES_AGGRESSIVE;
				CLANG_WARN_UNREACHABLE_CODE = YES;
				CLANG_WARN__DUPLICATE_METHOD_MATCH = YES;
				COPY_PHASE_STRIP = NO;
				DEBUG_INFORMATION_FORMAT = dwarf;
				ENABLE_STRICT_OBJC_MSGSEND = YES;
				ENABLE_TESTABILITY = YES;
				ENABLE_USER_SCRIPT_SANDBOXING = YES;
				GCC_C_LANGUAGE_STANDARD = gnu17;
				GCC_DYNAMIC_NO_PIC = NO;
				GCC_NO_COMMON_BLOCKS = YES;
				GCC_OPTIMIZATION_LEVEL = 0;
				GCC_PREPROCESSOR_DEFINITIONS = (
					"DEBUG=1",
					"$(inherited)",
				);
				GCC_WARN_64_TO_32_BIT_CONVERSION = YES;
				GCC_WARN_ABOUT_RETURN_TYPE = YES_ERROR;
				GCC_WARN_UNDECLARED_SELECTOR = YES;
				GCC_WARN_UNINITIALIZED_AUTOS = YES_AGGRESSIVE;
				GCC_WARN_UNUSED_FUNCTION = YES;
				GCC_WARN_UNUSED_VARIABLE = YES;
				IPHONEOS_DEPLOYMENT_TARGET = 17.2;
				LOCALIZATION_PREFERS_STRING_CATALOGS = YES;
				MTL_ENABLE_DEBUG_INFO = INCLUDE_SOURCE;
				MTL_FAST_MATH = YES;
				ONLY_ACTIVE_ARCH = YES;
				SDKROOT = iphoneos;
				SWIFT_ACTIVE_COMPILATION_CONDITIONS = "DEBUG $(inherited)";
				SWIFT_OPTIMIZATION_LEVEL = "-Onone";
			};
			name = Debug;
		};
		ECA94BBF2D5082BA005B0428 /* Release */ = {
			isa = XCBuildConfiguration;
			buildSettings = {
				ALWAYS_SEARCH_USER_PATHS = NO;
				ASSETCATALOG_COMPILER_GENERATE_SWIFT_ASSET_SYMBOL_EXTENSIONS = YES;
				CLANG_ANALYZER_NONNULL = YES;
				CLANG_ANALYZER_NUMBER_OBJECT_CONVERSION = YES_AGGRESSIVE;
				CLANG_CXX_LANGUAGE_STANDARD = "gnu++20";
				CLANG_ENABLE_MODULES = YES;
				CLANG_ENABLE_OBJC_ARC = YES;
				CLANG_ENABLE_OBJC_WEAK = YES;
				CLANG_WARN_BLOCK_CAPTURE_AUTORELEASING = YES;
				CLANG_WARN_BOOL_CONVERSION = YES;
				CLANG_WARN_COMMA = YES;
				CLANG_WARN_CONSTANT_CONVERSION = YES;
				CLANG_WARN_DEPRECATED_OBJC_IMPLEMENTATIONS = YES;
				CLANG_WARN_DIRECT_OBJC_ISA_USAGE = YES_ERROR;
				CLANG_WARN_DOCUMENTATION_COMMENTS = YES;
				CLANG_WARN_EMPTY_BODY = YES;
				CLANG_WARN_ENUM_CONVERSION = YES;
				CLANG_WARN_INFINITE_RECURSION = YES;
				CLANG_WARN_INT_CONVERSION = YES;
				CLANG_WARN_NON_LITERAL_NULL_CONVERSION = YES;
				CLANG_WARN_OBJC_IMPLICIT_RETAIN_SELF = YES;
				CLANG_WARN_OBJC_LITERAL_CONVERSION = YES;
				CLANG_WARN_OBJC_ROOT_CLASS = YES_ERROR;
				CLANG_WARN_QUOTED_INCLUDE_IN_FRAMEWORK_HEADER = YES;
				CLANG_WARN_RANGE_LOOP_ANALYSIS = YES;
				CLANG_WARN_STRICT_PROTOTYPES = YES;
				CLANG_WARN_SUSPICIOUS_MOVE = YES;
				CLANG_WARN_UNGUARDED_AVAILABILITY = YES_AGGRESSIVE;
				CLANG_WARN_UNREACHABLE_CODE = YES;
				CLANG_WARN__DUPLICATE_METHOD_MATCH = YES;
				COPY_PHASE_STRIP = NO;
				DEBUG_INFORMATION_FORMAT = "dwarf-with-dsym";
				ENABLE_NS_ASSERTIONS = NO;
				ENABLE_STRICT_OBJC_MSGSEND = YES;
				ENABLE_USER_SCRIPT_SANDBOXING = YES;
				GCC_C_LANGUAGE_STANDARD = gnu17;
				GCC_NO_COMMON_BLOCKS = YES;
				GCC_WARN_64_TO_32_BIT_CONVERSION = YES;
				GCC_WARN_ABOUT_RETURN_TYPE = YES_ERROR;
				GCC_WARN_UNDECLARED_SELECTOR = YES;
				GCC_WARN_UNINITIALIZED_AUTOS = YES_AGGRESSIVE;
				GCC_WARN_UNUSED_FUNCTION = YES;
				GCC_WARN_UNUSED_VARIABLE = YES;
				IPHONEOS_DEPLOYMENT_TARGET = 17.2;
				LOCALIZATION_PREFERS_STRING_CATALOGS = YES;
				MTL_ENABLE_DEBUG_INFO = NO;
				MTL_FAST_MATH = YES;
				SDKROOT = iphoneos;
				SWIFT_COMPILATION_MODE = wholemodule;
				VALIDATE_PRODUCT = YES;
			};
			name = Release;
		};
		ECA94BC12D5082BA005B0428 /* Debug */ = {
			isa = XCBuildConfiguration;
			baseConfigurationReference = 62ED149E4D469D5193C3391F /* Pods-BibleAtlas.debug.xcconfig */;
			buildSettings = {
				ASSETCATALOG_COMPILER_APPICON_NAME = AppIcon;
				ASSETCATALOG_COMPILER_GLOBAL_ACCENT_COLOR_NAME = AccentColor;
				CODE_SIGN_STYLE = Automatic;
				CURRENT_PROJECT_VERSION = 1;
				DEVELOPMENT_TEAM = T76LKQ7QGR;
				ENABLE_USER_SCRIPT_SANDBOXING = NO;
				GENERATE_INFOPLIST_FILE = YES;
				INFOPLIST_FILE = BibleAtlas/Info.plist;
				INFOPLIST_KEY_UIApplicationSupportsIndirectInputEvents = YES;
				INFOPLIST_KEY_UILaunchStoryboardName = LaunchScreen;
				INFOPLIST_KEY_UISupportedInterfaceOrientations_iPad = "UIInterfaceOrientationPortrait UIInterfaceOrientationPortraitUpsideDown UIInterfaceOrientationLandscapeLeft UIInterfaceOrientationLandscapeRight";
				INFOPLIST_KEY_UISupportedInterfaceOrientations_iPhone = "UIInterfaceOrientationPortrait UIInterfaceOrientationLandscapeLeft UIInterfaceOrientationLandscapeRight";
				IPHONEOS_DEPLOYMENT_TARGET = 17.2;
				LD_RUNPATH_SEARCH_PATHS = (
					"$(inherited)",
					"@executable_path/Frameworks",
				);
				MARKETING_VERSION = 1.0;
				PRODUCT_BUNDLE_IDENTIFIER = com.seongyeon.BibleAtlas;
				PRODUCT_NAME = "$(TARGET_NAME)";
				SWIFT_EMIT_LOC_STRINGS = YES;
				SWIFT_VERSION = 5.0;
				TARGETED_DEVICE_FAMILY = "1,2";
			};
			name = Debug;
		};
		ECA94BC22D5082BA005B0428 /* Release */ = {
			isa = XCBuildConfiguration;
			baseConfigurationReference = 93688677BD7F15874DB994F0 /* Pods-BibleAtlas.release.xcconfig */;
			buildSettings = {
				ASSETCATALOG_COMPILER_APPICON_NAME = AppIcon;
				ASSETCATALOG_COMPILER_GLOBAL_ACCENT_COLOR_NAME = AccentColor;
				CODE_SIGN_STYLE = Automatic;
				CURRENT_PROJECT_VERSION = 1;
				DEVELOPMENT_TEAM = T76LKQ7QGR;
				ENABLE_USER_SCRIPT_SANDBOXING = NO;
				GENERATE_INFOPLIST_FILE = YES;
				INFOPLIST_FILE = BibleAtlas/Info.plist;
				INFOPLIST_KEY_UIApplicationSupportsIndirectInputEvents = YES;
				INFOPLIST_KEY_UILaunchStoryboardName = LaunchScreen;
				INFOPLIST_KEY_UISupportedInterfaceOrientations_iPad = "UIInterfaceOrientationPortrait UIInterfaceOrientationPortraitUpsideDown UIInterfaceOrientationLandscapeLeft UIInterfaceOrientationLandscapeRight";
				INFOPLIST_KEY_UISupportedInterfaceOrientations_iPhone = "UIInterfaceOrientationPortrait UIInterfaceOrientationLandscapeLeft UIInterfaceOrientationLandscapeRight";
				IPHONEOS_DEPLOYMENT_TARGET = 17.2;
				LD_RUNPATH_SEARCH_PATHS = (
					"$(inherited)",
					"@executable_path/Frameworks",
				);
				MARKETING_VERSION = 1.0;
				PRODUCT_BUNDLE_IDENTIFIER = com.seongyeon.BibleAtlas;
				PRODUCT_NAME = "$(TARGET_NAME)";
				SWIFT_EMIT_LOC_STRINGS = YES;
				SWIFT_VERSION = 5.0;
				TARGETED_DEVICE_FAMILY = "1,2";
			};
			name = Release;
		};
		ECA94BC42D5082BA005B0428 /* Debug */ = {
			isa = XCBuildConfiguration;
			baseConfigurationReference = B99651049227BE5701E9D126 /* Pods-BibleAtlasTests.debug.xcconfig */;
			buildSettings = {
				ALWAYS_EMBED_SWIFT_STANDARD_LIBRARIES = YES;
				BUNDLE_LOADER = "$(TEST_HOST)";
				CODE_SIGN_STYLE = Automatic;
				CURRENT_PROJECT_VERSION = 1;
				GENERATE_INFOPLIST_FILE = YES;
				IPHONEOS_DEPLOYMENT_TARGET = 17.2;
				MARKETING_VERSION = 1.0;
				PRODUCT_BUNDLE_IDENTIFIER = com.seongyeon.BibleAtlasTests;
				PRODUCT_NAME = "$(TARGET_NAME)";
				SWIFT_EMIT_LOC_STRINGS = NO;
				SWIFT_VERSION = 5.0;
				TARGETED_DEVICE_FAMILY = "1,2";
				TEST_HOST = "$(BUILT_PRODUCTS_DIR)/BibleAtlas.app/$(BUNDLE_EXECUTABLE_FOLDER_PATH)/BibleAtlas";
			};
			name = Debug;
		};
		ECA94BC52D5082BA005B0428 /* Release */ = {
			isa = XCBuildConfiguration;
			baseConfigurationReference = 21CCD02993F38A3746EDE812 /* Pods-BibleAtlasTests.release.xcconfig */;
			buildSettings = {
				ALWAYS_EMBED_SWIFT_STANDARD_LIBRARIES = YES;
				BUNDLE_LOADER = "$(TEST_HOST)";
				CODE_SIGN_STYLE = Automatic;
				CURRENT_PROJECT_VERSION = 1;
				GENERATE_INFOPLIST_FILE = YES;
				IPHONEOS_DEPLOYMENT_TARGET = 17.2;
				MARKETING_VERSION = 1.0;
				PRODUCT_BUNDLE_IDENTIFIER = com.seongyeon.BibleAtlasTests;
				PRODUCT_NAME = "$(TARGET_NAME)";
				SWIFT_EMIT_LOC_STRINGS = NO;
				SWIFT_VERSION = 5.0;
				TARGETED_DEVICE_FAMILY = "1,2";
				TEST_HOST = "$(BUILT_PRODUCTS_DIR)/BibleAtlas.app/$(BUNDLE_EXECUTABLE_FOLDER_PATH)/BibleAtlas";
			};
			name = Release;
		};
		ECA94BC72D5082BA005B0428 /* Debug */ = {
			isa = XCBuildConfiguration;
			baseConfigurationReference = 27427E9961F5FEBDD710F748 /* Pods-BibleAtlas-BibleAtlasUITests.debug.xcconfig */;
			buildSettings = {
				ALWAYS_EMBED_SWIFT_STANDARD_LIBRARIES = YES;
				CODE_SIGN_STYLE = Automatic;
				CURRENT_PROJECT_VERSION = 1;
				GENERATE_INFOPLIST_FILE = YES;
				MARKETING_VERSION = 1.0;
				PRODUCT_BUNDLE_IDENTIFIER = com.seongyeon.BibleAtlasUITests;
				PRODUCT_NAME = "$(TARGET_NAME)";
				SWIFT_EMIT_LOC_STRINGS = NO;
				SWIFT_VERSION = 5.0;
				TARGETED_DEVICE_FAMILY = "1,2";
				TEST_TARGET_NAME = BibleAtlas;
			};
			name = Debug;
		};
		ECA94BC82D5082BA005B0428 /* Release */ = {
			isa = XCBuildConfiguration;
			baseConfigurationReference = CCF5D5F9277B71DAA500A8F2 /* Pods-BibleAtlas-BibleAtlasUITests.release.xcconfig */;
			buildSettings = {
				ALWAYS_EMBED_SWIFT_STANDARD_LIBRARIES = YES;
				CODE_SIGN_STYLE = Automatic;
				CURRENT_PROJECT_VERSION = 1;
				GENERATE_INFOPLIST_FILE = YES;
				MARKETING_VERSION = 1.0;
				PRODUCT_BUNDLE_IDENTIFIER = com.seongyeon.BibleAtlasUITests;
				PRODUCT_NAME = "$(TARGET_NAME)";
				SWIFT_EMIT_LOC_STRINGS = NO;
				SWIFT_VERSION = 5.0;
				TARGETED_DEVICE_FAMILY = "1,2";
				TEST_TARGET_NAME = BibleAtlas;
			};
			name = Release;
		};
/* End XCBuildConfiguration section */

/* Begin XCConfigurationList section */
		ECA94B8E2D5082B9005B0428 /* Build configuration list for PBXProject "BibleAtlas" */ = {
			isa = XCConfigurationList;
			buildConfigurations = (
				ECA94BBE2D5082BA005B0428 /* Debug */,
				ECA94BBF2D5082BA005B0428 /* Release */,
			);
			defaultConfigurationIsVisible = 0;
			defaultConfigurationName = Release;
		};
		ECA94BC02D5082BA005B0428 /* Build configuration list for PBXNativeTarget "BibleAtlas" */ = {
			isa = XCConfigurationList;
			buildConfigurations = (
				ECA94BC12D5082BA005B0428 /* Debug */,
				ECA94BC22D5082BA005B0428 /* Release */,
			);
			defaultConfigurationIsVisible = 0;
			defaultConfigurationName = Release;
		};
		ECA94BC32D5082BA005B0428 /* Build configuration list for PBXNativeTarget "BibleAtlasTests" */ = {
			isa = XCConfigurationList;
			buildConfigurations = (
				ECA94BC42D5082BA005B0428 /* Debug */,
				ECA94BC52D5082BA005B0428 /* Release */,
			);
			defaultConfigurationIsVisible = 0;
			defaultConfigurationName = Release;
		};
		ECA94BC62D5082BA005B0428 /* Build configuration list for PBXNativeTarget "BibleAtlasUITests" */ = {
			isa = XCConfigurationList;
			buildConfigurations = (
				ECA94BC72D5082BA005B0428 /* Debug */,
				ECA94BC82D5082BA005B0428 /* Release */,
			);
			defaultConfigurationIsVisible = 0;
			defaultConfigurationName = Release;
		};
/* End XCConfigurationList section */

/* Begin XCRemoteSwiftPackageReference section */
		EC8ABAF42D74828200AEC01B /* XCRemoteSwiftPackageReference "swift-markdown" */ = {
			isa = XCRemoteSwiftPackageReference;
			repositoryURL = "https://github.com/apple/swift-markdown";
			requirement = {
				kind = upToNextMajorVersion;
				minimumVersion = 0.5.0;
			};
		};
/* End XCRemoteSwiftPackageReference section */

/* Begin XCSwiftPackageProductDependency section */
		EC8ABAF52D74828200AEC01B /* Markdown */ = {
			isa = XCSwiftPackageProductDependency;
			package = EC8ABAF42D74828200AEC01B /* XCRemoteSwiftPackageReference "swift-markdown" */;
			productName = Markdown;
		};
/* End XCSwiftPackageProductDependency section */

/* Begin XCVersionGroup section */
		ECA94B9F2D5082B9005B0428 /* BibleAtlas.xcdatamodeld */ = {
			isa = XCVersionGroup;
			children = (
				ECA94BA02D5082B9005B0428 /* BibleAtlas.xcdatamodel */,
			);
			currentVersion = ECA94BA02D5082B9005B0428 /* BibleAtlas.xcdatamodel */;
			path = BibleAtlas.xcdatamodeld;
			sourceTree = "<group>";
			versionGroupType = wrapper.xcdatamodel;
		};
/* End XCVersionGroup section */
	};
	rootObject = ECA94B8B2D5082B9005B0428 /* Project object */;
}
